
Microsoft Visual Studio Solution File, Format Version 12.00
# Visual Studio 14
VisualStudioVersion = 14.0.25420.1
MinimumVisualStudioVersion = 10.0.40219.1
Project("{8BC9CEB8-8B4A-11D0-8D11-00A0C91BC942}") = "02_i++和++i速度差别和返回值区别", "i++和++i速度差别\i++和++i速度差别.vcxproj", "{799F5E4A-9843-43F9-83E8-B6AFA4C5D7D2}"
EndProject
Project("{8BC9CEB8-8B4A-11D0-8D11-00A0C91BC942}") = "01_bool和int", "bool和int\bool和int.vcxproj", "{5E5180FE-9A9B-43B4-A586-1A556B1DAB65}"
EndProject
Project("{8BC9CEB8-8B4A-11D0-8D11-00A0C91BC942}") = "03_递归测试", "03_递归测试\03_递归测试.vcxproj", "{D2B66E1C-F5F4-4102-95B2-E7269675991D}"
EndProject
Project("{8BC9CEB8-8B4A-11D0-8D11-00A0C91BC942}") = "04_new", "04_new\04_new.vcxproj", "{B2A81BD0-E499-4D5A-9936-28714EC70B0F}"
EndProject
Project("{8BC9CEB8-8B4A-11D0-8D11-00A0C91BC942}") = "05_sprintf_fprintf", "05_sprintf_fprintf\05_sprintf_fprintf.vcxproj", "{D0B5D259-4812-460A-9EDD-EDDB60F5B155}"
EndProject
Project("{8BC9CEB8-8B4A-11D0-8D11-00A0C91BC942}") = "06_虚函数_virtual修饰符和子类直接覆盖的函数", "06_虚函数_virtual修饰符和子类直接覆盖的函数\06_虚函数_virtual修饰符和子类直接覆盖的函数.vcxproj", "{64170E6D-3B58-44FD-AE4E-C66B1FA26484}"
EndProject
Project("{8BC9CEB8-8B4A-11D0-8D11-00A0C91BC942}") = "07_zig_zag", "07_zig_zag\07_zig_zag.vcxproj", "{B4B709D9-A2F5-44A5-A26B-067999F7119E}"
EndProject
Project("{8BC9CEB8-8B4A-11D0-8D11-00A0C91BC942}") = "08_Math", "08_Math\08_Math.vcxproj", "{E01C0AF7-2D57-4861-BEB4-050DECDDBA68}"
EndProject
Project("{8BC9CEB8-8B4A-11D0-8D11-00A0C91BC942}") = "10_测试输出特殊字符", "10_测试输出特殊字符\10_测试输出特殊字符.vcxproj", "{81FE029B-AF09-4B83-8434-5CAAECCB3154}"
EndProject
Project("{8BC9CEB8-8B4A-11D0-8D11-00A0C91BC942}") = "11_参数值传递", "11_参数值传递\11_参数值传递.vcxproj", "{9B062926-0863-4A5E-B79C-761BA1403BC1}"
EndProject
Project("{8BC9CEB8-8B4A-11D0-8D11-00A0C91BC942}") = "06_虚函数测试", "06_虚函数测试\06_虚函数测试.vcxproj", "{2535A761-17E3-478A-B8DF-88329E2E083B}"
EndProject
Project("{8BC9CEB8-8B4A-11D0-8D11-00A0C91BC942}") = "06_虚函数测试2", "06_虚函数测试2\06_虚函数测试2.vcxproj", "{1C5CCD84-D773-4201-86AF-59E71DBD6CD3}"
EndProject
Project("{8BC9CEB8-8B4A-11D0-8D11-00A0C91BC942}") = "12_位域对齐", "12_位域对齐\12_位域对齐.vcxproj", "{278E8D70-4D38-4AC8-869A-B6EC492D61C5}"
EndProject
Project("{8BC9CEB8-8B4A-11D0-8D11-00A0C91BC942}") = "13_运算符优先级", "13_运算符优先级\13_运算符优先级.vcxproj", "{663D870B-0C71-4116-BF1A-A4FA3235AA82}"
EndProject
Project("{8BC9CEB8-8B4A-11D0-8D11-00A0C91BC942}") = "14_顶层底层指针", "14_顶层底层指针\14_顶层底层指针.vcxproj", "{AF3E745D-09DF-4F2E-A961-AA6D03BD9BB7}"
EndProject
Project("{8BC9CEB8-8B4A-11D0-8D11-00A0C91BC942}") = "15_静态成员", "15_静态成员\15_静态成员.vcxproj", "{058ED895-4B07-4391-9972-9F59A8E5027D}"
EndProject
Project("{8BC9CEB8-8B4A-11D0-8D11-00A0C91BC942}") = "16_double精度", "16_double精度\16_double精度.vcxproj", "{A1CE7D45-182B-4E76-8765-0B1D89B91E49}"
EndProject
Project("{8BC9CEB8-8B4A-11D0-8D11-00A0C91BC942}") = "06_虚函数测试3_引用和指针", "06_虚函数测试3_引用和指针\06_虚函数测试3_引用和指针.vcxproj", "{C0CE3AA6-EBD5-4C86-8A5D-8A2EF2F527A0}"
EndProject
Project("{8BC9CEB8-8B4A-11D0-8D11-00A0C91BC942}") = "17_条件编译", "17_条件编译\17_条件编译.vcxproj", "{559A1057-8531-4115-81B7-263FA5D86A13}"
EndProject
Project("{8BC9CEB8-8B4A-11D0-8D11-00A0C91BC942}") = "18_继承关系", "18_继承关系\18_继承关系.vcxproj", "{4DDB464F-BE69-4620-A04B-3FB798FCB919}"
EndProject
Project("{8BC9CEB8-8B4A-11D0-8D11-00A0C91BC942}") = "19_结构体定义", "19_结构体定义\19_结构体定义.vcxproj", "{192731BD-26A5-4E5C-8EB4-85196B696D4C}"
EndProject
Project("{8BC9CEB8-8B4A-11D0-8D11-00A0C91BC942}") = "20_0_字符串数组和指针", "20_0_字符串数组和指针\20_0_字符串数组和指针.vcxproj", "{CA01F0AA-9EF1-4CDB-B151-96CD8ADEE895}"
EndProject
Project("{8BC9CEB8-8B4A-11D0-8D11-00A0C91BC942}") = "09_01_类型size", "09_01_类型size(带枚举和union等)\09_01_类型size(带枚举和union等).vcxproj", "{42E3160F-E9FC-4D1A-B2EF-58584CF14336}"
EndProject
Project("{8BC9CEB8-8B4A-11D0-8D11-00A0C91BC942}") = "21_0_构造函数析构函数执行顺序", "21_0_构造函数析构函数执行顺序\21_0_构造函数析构函数执行顺序.vcxproj", "{D9F31814-4D33-4D20-85F3-EC4D3A054ACD}"
EndProject
Project("{8BC9CEB8-8B4A-11D0-8D11-00A0C91BC942}") = "22_0_抽象类和纯虚函数", "22_0_抽象类和纯虚函数\22_0_抽象类和纯虚函数.vcxproj", "{CCE02E98-F4BA-4B73-887A-8FD39685A2A8}"
EndProject
Project("{8BC9CEB8-8B4A-11D0-8D11-00A0C91BC942}") = "18_01_继承保护级别不同的成员", "18_01_继承保护级别不同的成员\18_01_继承保护级别不同的成员.vcxproj", "{F7B67A33-B089-4A79-906E-5211B55B74AF}"
EndProject
Project("{8BC9CEB8-8B4A-11D0-8D11-00A0C91BC942}") = "23_0_运算符优先级", "23_0_运算符优先级\23_0_运算符优先级.vcxproj", "{64F37823-2136-449F-97D1-D34CC68224E0}"
EndProject
Project("{8BC9CEB8-8B4A-11D0-8D11-00A0C91BC942}") = "24_0_参数匹配_类型转换", "24_0_参数匹配_类型转换\24_0_参数匹配_类型转换.vcxproj", "{3FD615BB-E4E5-4B1D-B910-9F7C3EDC0DA9}"
EndProject
Project("{8BC9CEB8-8B4A-11D0-8D11-00A0C91BC942}") = "25_0_类型极值", "25_0_类型极值\25_0_类型极值.vcxproj", "{0CFBB8F3-03C3-4655-9FCC-CA6F0D94D2DB}"
EndProject
Project("{8BC9CEB8-8B4A-11D0-8D11-00A0C91BC942}") = "23_01_优先级测试2", "23_01_优先级测试2\23_01_优先级测试2.vcxproj", "{745381D0-F2F7-44F8-AEE3-B771071A31C7}"
EndProject
Project("{8BC9CEB8-8B4A-11D0-8D11-00A0C91BC942}") = "26_01_重载_覆盖_隐藏", "26_01_重载_覆盖_隐藏\26_01_重载_覆盖_隐藏.vcxproj", "{5407F099-D445-4C62-A3C3-BEA16585C1E1}"
EndProject
Project("{8BC9CEB8-8B4A-11D0-8D11-00A0C91BC942}") = "27_01_时间函数", "27_01_时间函数\27_01_时间函数.vcxproj", "{1A5E686E-8DEC-43DF-9CE5-E3DB29ED63F9}"
EndProject
Project("{8BC9CEB8-8B4A-11D0-8D11-00A0C91BC942}") = "06_虚函数测试4", "06_虚函数测试4\06_虚函数测试4.vcxproj", "{D4F6143A-9AFF-4576-B25E-6E2FB14E4B13}"
EndProject
Project("{8BC9CEB8-8B4A-11D0-8D11-00A0C91BC942}") = "06_虚函数测试5_访问控制符和虚函数", "06_虚函数测试5_访问控制符和虚函数\06_虚函数测试5_访问控制符和虚函数.vcxproj", "{9B093EF8-62F0-4757-AA00-074BE97C3F9C}"
EndProject
Project("{8BC9CEB8-8B4A-11D0-8D11-00A0C91BC942}") = "06_证明虚函数指针存在_被memset覆盖", "06_证明虚函数指针存在_被memset覆盖\06_证明虚函数指针存在_被memset覆盖.vcxproj", "{56C34116-A71A-46D3-8A5B-893DACA7F3B8}"
EndProject
Project("{8BC9CEB8-8B4A-11D0-8D11-00A0C91BC942}") = "26_02_final和override关键字", "26_02_final和override关键字\26_02_final和override关键字.vcxproj", "{A97C223A-5011-414C-9C9D-A951C68284C0}"
EndProject
Project("{8BC9CEB8-8B4A-11D0-8D11-00A0C91BC942}") = "23_02_运算符逻辑运算符优先级", "23_02_运算符逻辑运算符优先级\23_02_运算符逻辑运算符优先级.vcxproj", "{A52A8015-0E18-4F52-B74F-9133061D5E18}"
EndProject
Project("{8BC9CEB8-8B4A-11D0-8D11-00A0C91BC942}") = "26_03_派生类覆盖基类成员", "26_03_派生类覆盖基类成员\26_03_派生类覆盖基类成员.vcxproj", "{F5602281-8E77-4F5D-B278-A5576951AE02}"
EndProject
Project("{8BC9CEB8-8B4A-11D0-8D11-00A0C91BC942}") = "28_01_类型转换", "28_01_类型转换\28_01_类型转换.vcxproj", "{BD4770D5-BDD1-4A6A-998B-9DD162C84C5C}"
EndProject
Project("{8BC9CEB8-8B4A-11D0-8D11-00A0C91BC942}") = "29_模板template", "29_模板template\29_模板template.vcxproj", "{0BA1F83C-292E-4687-AB49-67273B174902}"
EndProject
Project("{8BC9CEB8-8B4A-11D0-8D11-00A0C91BC942}") = "30_01容器vector_emplace和push", "30_01容器vector_emplace和push\30_01容器vector_emplace和push.vcxproj", "{E9789F6F-E20A-40CA-AF7C-9751CDEB8B31}"
EndProject
Project("{8BC9CEB8-8B4A-11D0-8D11-00A0C91BC942}") = "31_对象移动_右值引用", "31_对象移动_右值引用\31_对象移动_右值引用.vcxproj", "{1D47CA21-1F07-486E-9E51-3EB052556D2C}"
EndProject
Project("{8BC9CEB8-8B4A-11D0-8D11-00A0C91BC942}") = "32_01_set容器", "32_set容器\32_set容器.vcxproj", "{C9B65D90-FD26-44B3-8B0E-FABB47CD7569}"
EndProject
Project("{8BC9CEB8-8B4A-11D0-8D11-00A0C91BC942}") = "33_01_字符串数字转换", "33_01_字符串数字转换\33_01_字符串数字转换.vcxproj", "{F195C3FB-C6DE-4A89-8288-163C930AA739}"
EndProject
Project("{8BC9CEB8-8B4A-11D0-8D11-00A0C91BC942}") = "32_02_map容器", "32_01_map容器\32_01_map容器.vcxproj", "{E63AAC2D-F9C4-4C0C-B201-15DF0C52AEC0}"
EndProject
Project("{8BC9CEB8-8B4A-11D0-8D11-00A0C91BC942}") = "34_01_io流", "34_01_io流\34_01_io流.vcxproj", "{5F244ECE-6B34-497A-AB7F-C195E88C358A}"
EndProject
Project("{8BC9CEB8-8B4A-11D0-8D11-00A0C91BC942}") = "35_01_istream_iterator_ostream", "35_istream_iterator\35_istream_iterator.vcxproj", "{4C392F30-3BFE-4D08-813E-038F51B91BF8}"
EndProject
Project("{8BC9CEB8-8B4A-11D0-8D11-00A0C91BC942}") = "36_01_not1", "36_01_not1\36_01_not1.vcxproj", "{0F75FE0F-30B6-4D74-94E4-7FA7B6A864D8}"
EndProject
Project("{8BC9CEB8-8B4A-11D0-8D11-00A0C91BC942}") = "36_02_bind2nd", "36_02_bind2nd\36_02_bind2nd.vcxproj", "{63EB9BA2-D06F-47DC-BCB8-283D64CE3349}"
EndProject
Project("{8BC9CEB8-8B4A-11D0-8D11-00A0C91BC942}") = "37_01_动态分配的数组能否begin和end", "37_01_动态分配的数组能否begin和end\37_01_动态分配的数组能否begin和end.vcxproj", "{B3388314-AC22-4060-B087-308F60C1024E}"
EndProject
Project("{8BC9CEB8-8B4A-11D0-8D11-00A0C91BC942}") = "38_01_char类型的定义", "38_01_char类型的定义\38_01_char类型的定义.vcxproj", "{59185FC5-39E7-4147-9B22-44B70FA35AA3}"
EndProject
Project("{8BC9CEB8-8B4A-11D0-8D11-00A0C91BC942}") = "39_01_main函数被调用", "39_01_main函数被调用\39_01_main函数被调用.vcxproj", "{F946AD31-7881-443D-BF10-066539384DAD}"
EndProject
Project("{8BC9CEB8-8B4A-11D0-8D11-00A0C91BC942}") = "06_多态_子类没有多余成员的情况下的部分删除", "06_多态_子类没有多余成员的情况下的部分删除\06_多态_子类没有多余成员的情况下的部分删除.vcxproj", "{BA1D8DE9-A0BA-430B-AB6F-4F69EB964DB0}"
EndProject
Project("{8BC9CEB8-8B4A-11D0-8D11-00A0C91BC942}") = "00_someDemos_01", "00_someDemos_01\00_someDemos_01.vcxproj", "{0CA59F9D-E2CD-4CB7-A489-DC32ED5D03F2}"
EndProject
Project("{8BC9CEB8-8B4A-11D0-8D11-00A0C91BC942}") = "40_memcpy和for赋值速度比较", "40_memcpy和for赋值速度比较\40_memcpy和for赋值速度比较.vcxproj", "{B03FD64A-63A0-44DD-9C37-D94F3EBB6EFB}"
EndProject
Project("{8BC9CEB8-8B4A-11D0-8D11-00A0C91BC942}") = "32_03_vector容器", "32_03_vector容器\32_03_vector容器.vcxproj", "{B0D1A8E5-DF4C-44BF-B306-692CBA07C7E2}"
EndProject
Project("{8BC9CEB8-8B4A-11D0-8D11-00A0C91BC942}") = "41_新式转型", "41_新式转型\41_新式转型.vcxproj", "{B41AA98E-324D-4FB3-A89D-5E81FB295878}"
EndProject
Project("{8BC9CEB8-8B4A-11D0-8D11-00A0C91BC942}") = "32_04_priority_queue", "32_04_priority_queue\32_04_priority_queue.vcxproj", "{A67ADEDB-D7CE-4F6C-B1C7-DE9B5D3CAA5F}"
EndProject
Project("{8BC9CEB8-8B4A-11D0-8D11-00A0C91BC942}") = "34_02_cout的高级用法", "34_02_cout的高级用法\34_02_cout的高级用法.vcxproj", "{6D3422FF-47BA-4C0E-B5EF-FC29F35849F6}"
EndProject
Project("{8BC9CEB8-8B4A-11D0-8D11-00A0C91BC942}") = "35_02_istreambuf_iterator", "35_02_istreambuf_iterator\35_02_istreambuf_iterator.vcxproj", "{FDCA9470-6AC4-434A-929D-CE1AFB9DB71A}"
EndProject
Project("{8BC9CEB8-8B4A-11D0-8D11-00A0C91BC942}") = "42_01_宽字符窄字符", "42_01_宽字符窄字符\42_01_宽字符窄字符.vcxproj", "{3D878B2D-123C-46BA-B146-AAC99FE2D48E}"
EndProject
Project("{8BC9CEB8-8B4A-11D0-8D11-00A0C91BC942}") = "43_01_allocator", "43_01_allocator\43_01_allocator.vcxproj", "{3114807C-6015-465C-8E96-289B3D259562}"
EndProject
Project("{8BC9CEB8-8B4A-11D0-8D11-00A0C91BC942}") = "44_01_const对象只能调用const成员函数", "44_01_const对象只能调用const成员函数\44_01_const对象只能调用const成员函数.vcxproj", "{21C08FE1-FA7B-4EDF-ACA7-04D693DF1160}"
EndProject
Project("{8BC9CEB8-8B4A-11D0-8D11-00A0C91BC942}") = "45_01_delete多继承的动态对象", "45_01_delete多继承的动态对象\45_01_delete多继承的动态对象.vcxproj", "{801FA7F9-F235-4480-9ED6-E4A667B4B59A}"
EndProject
Project("{8BC9CEB8-8B4A-11D0-8D11-00A0C91BC942}") = "46_ascii转义字符", "46_ascii转义字符\46_ascii转义字符.vcxproj", "{0FC19621-B8F2-471F-842B-E2F4F4F5FDDE}"
EndProject
Project("{8BC9CEB8-8B4A-11D0-8D11-00A0C91BC942}") = "20_01_C风格字符串操作函数", "20_01_C风格字符串操作函数\20_01_C风格字符串操作函数.vcxproj", "{B0C6FD47-FFEC-44CF-BA7A-8F6E7F5ED8CB}"
EndProject
Project("{8BC9CEB8-8B4A-11D0-8D11-00A0C91BC942}") = "47_01_11新标准随机数", "47_01_11新标准随机数\47_01_11新标准随机数.vcxproj", "{4E3BD6B8-AD54-4845-BDFD-AE322B2BFA1C}"
EndProject
Project("{8BC9CEB8-8B4A-11D0-8D11-00A0C91BC942}") = "34_03_ifstream_ofstream", "34_02_ifstream_ofstream\34_02_ifstream_ofstream.vcxproj", "{E40AFC0F-455A-43EF-84B4-14606F475B83}"
EndProject
Project("{8BC9CEB8-8B4A-11D0-8D11-00A0C91BC942}") = "33_02_string_compare和operator", "33_02_string_compare和operator\33_02_string_compare和operator.vcxproj", "{335E3117-4E36-45FC-B940-9D944A3739EE}"
EndProject
Project("{8BC9CEB8-8B4A-11D0-8D11-00A0C91BC942}") = "33_03_string_find", "33_03_string_find\33_03_string_find.vcxproj", "{343C067D-7F48-48F5-A155-C1B5C1F3241B}"
EndProject
Project("{8BC9CEB8-8B4A-11D0-8D11-00A0C91BC942}") = "32_05_heap", "32_05_heap\32_05_heap.vcxproj", "{7440BCC8-5D66-458A-A759-A1DD23014E86}"
EndProject
Project("{8BC9CEB8-8B4A-11D0-8D11-00A0C91BC942}") = "32_06_迭代器失效", "32_06_迭代器失效\32_06_迭代器失效.vcxproj", "{CA10ACD1-25E3-4626-8A38-A0DA584B7130}"
EndProject
Project("{8BC9CEB8-8B4A-11D0-8D11-00A0C91BC942}") = "32_07_tuple", "32_07_tuple\32_07_tuple.vcxproj", "{12B698E8-3810-4B9B-88A7-7C83DAAAEAD1}"
EndProject
Global
	GlobalSection(SolutionConfigurationPlatforms) = preSolution
		Debug|Any CPU = Debug|Any CPU
		Debug|x64 = Debug|x64
		Debug|x86 = Debug|x86
		Release|Any CPU = Release|Any CPU
		Release|x64 = Release|x64
		Release|x86 = Release|x86
	EndGlobalSection
	GlobalSection(ProjectConfigurationPlatforms) = postSolution
		{799F5E4A-9843-43F9-83E8-B6AFA4C5D7D2}.Debug|Any CPU.ActiveCfg = Debug|Win32
		{799F5E4A-9843-43F9-83E8-B6AFA4C5D7D2}.Debug|x64.ActiveCfg = Debug|x64
		{799F5E4A-9843-43F9-83E8-B6AFA4C5D7D2}.Debug|x64.Build.0 = Debug|x64
		{799F5E4A-9843-43F9-83E8-B6AFA4C5D7D2}.Debug|x86.ActiveCfg = Debug|Win32
		{799F5E4A-9843-43F9-83E8-B6AFA4C5D7D2}.Debug|x86.Build.0 = Debug|Win32
		{799F5E4A-9843-43F9-83E8-B6AFA4C5D7D2}.Release|Any CPU.ActiveCfg = Release|Win32
		{799F5E4A-9843-43F9-83E8-B6AFA4C5D7D2}.Release|x64.ActiveCfg = Release|x64
		{799F5E4A-9843-43F9-83E8-B6AFA4C5D7D2}.Release|x64.Build.0 = Release|x64
		{799F5E4A-9843-43F9-83E8-B6AFA4C5D7D2}.Release|x86.ActiveCfg = Release|Win32
		{799F5E4A-9843-43F9-83E8-B6AFA4C5D7D2}.Release|x86.Build.0 = Release|Win32
		{5E5180FE-9A9B-43B4-A586-1A556B1DAB65}.Debug|Any CPU.ActiveCfg = Debug|Win32
		{5E5180FE-9A9B-43B4-A586-1A556B1DAB65}.Debug|x64.ActiveCfg = Debug|x64
		{5E5180FE-9A9B-43B4-A586-1A556B1DAB65}.Debug|x64.Build.0 = Debug|x64
		{5E5180FE-9A9B-43B4-A586-1A556B1DAB65}.Debug|x86.ActiveCfg = Debug|Win32
		{5E5180FE-9A9B-43B4-A586-1A556B1DAB65}.Debug|x86.Build.0 = Debug|Win32
		{5E5180FE-9A9B-43B4-A586-1A556B1DAB65}.Release|Any CPU.ActiveCfg = Release|Win32
		{5E5180FE-9A9B-43B4-A586-1A556B1DAB65}.Release|x64.ActiveCfg = Release|x64
		{5E5180FE-9A9B-43B4-A586-1A556B1DAB65}.Release|x64.Build.0 = Release|x64
		{5E5180FE-9A9B-43B4-A586-1A556B1DAB65}.Release|x86.ActiveCfg = Release|Win32
		{5E5180FE-9A9B-43B4-A586-1A556B1DAB65}.Release|x86.Build.0 = Release|Win32
		{D2B66E1C-F5F4-4102-95B2-E7269675991D}.Debug|Any CPU.ActiveCfg = Debug|Win32
		{D2B66E1C-F5F4-4102-95B2-E7269675991D}.Debug|x64.ActiveCfg = Debug|x64
		{D2B66E1C-F5F4-4102-95B2-E7269675991D}.Debug|x64.Build.0 = Debug|x64
		{D2B66E1C-F5F4-4102-95B2-E7269675991D}.Debug|x86.ActiveCfg = Debug|Win32
		{D2B66E1C-F5F4-4102-95B2-E7269675991D}.Debug|x86.Build.0 = Debug|Win32
		{D2B66E1C-F5F4-4102-95B2-E7269675991D}.Release|Any CPU.ActiveCfg = Release|Win32
		{D2B66E1C-F5F4-4102-95B2-E7269675991D}.Release|x64.ActiveCfg = Release|x64
		{D2B66E1C-F5F4-4102-95B2-E7269675991D}.Release|x64.Build.0 = Release|x64
		{D2B66E1C-F5F4-4102-95B2-E7269675991D}.Release|x86.ActiveCfg = Release|Win32
		{D2B66E1C-F5F4-4102-95B2-E7269675991D}.Release|x86.Build.0 = Release|Win32
		{B2A81BD0-E499-4D5A-9936-28714EC70B0F}.Debug|Any CPU.ActiveCfg = Debug|Win32
		{B2A81BD0-E499-4D5A-9936-28714EC70B0F}.Debug|x64.ActiveCfg = Debug|x64
		{B2A81BD0-E499-4D5A-9936-28714EC70B0F}.Debug|x64.Build.0 = Debug|x64
		{B2A81BD0-E499-4D5A-9936-28714EC70B0F}.Debug|x86.ActiveCfg = Debug|Win32
		{B2A81BD0-E499-4D5A-9936-28714EC70B0F}.Debug|x86.Build.0 = Debug|Win32
		{B2A81BD0-E499-4D5A-9936-28714EC70B0F}.Release|Any CPU.ActiveCfg = Release|Win32
		{B2A81BD0-E499-4D5A-9936-28714EC70B0F}.Release|x64.ActiveCfg = Release|x64
		{B2A81BD0-E499-4D5A-9936-28714EC70B0F}.Release|x64.Build.0 = Release|x64
		{B2A81BD0-E499-4D5A-9936-28714EC70B0F}.Release|x86.ActiveCfg = Release|Win32
		{B2A81BD0-E499-4D5A-9936-28714EC70B0F}.Release|x86.Build.0 = Release|Win32
		{D0B5D259-4812-460A-9EDD-EDDB60F5B155}.Debug|Any CPU.ActiveCfg = Debug|Win32
		{D0B5D259-4812-460A-9EDD-EDDB60F5B155}.Debug|x64.ActiveCfg = Debug|x64
		{D0B5D259-4812-460A-9EDD-EDDB60F5B155}.Debug|x64.Build.0 = Debug|x64
		{D0B5D259-4812-460A-9EDD-EDDB60F5B155}.Debug|x86.ActiveCfg = Debug|Win32
		{D0B5D259-4812-460A-9EDD-EDDB60F5B155}.Debug|x86.Build.0 = Debug|Win32
		{D0B5D259-4812-460A-9EDD-EDDB60F5B155}.Release|Any CPU.ActiveCfg = Release|Win32
		{D0B5D259-4812-460A-9EDD-EDDB60F5B155}.Release|x64.ActiveCfg = Release|x64
		{D0B5D259-4812-460A-9EDD-EDDB60F5B155}.Release|x64.Build.0 = Release|x64
		{D0B5D259-4812-460A-9EDD-EDDB60F5B155}.Release|x86.ActiveCfg = Release|Win32
		{D0B5D259-4812-460A-9EDD-EDDB60F5B155}.Release|x86.Build.0 = Release|Win32
		{64170E6D-3B58-44FD-AE4E-C66B1FA26484}.Debug|Any CPU.ActiveCfg = Debug|Win32
		{64170E6D-3B58-44FD-AE4E-C66B1FA26484}.Debug|x64.ActiveCfg = Debug|x64
		{64170E6D-3B58-44FD-AE4E-C66B1FA26484}.Debug|x64.Build.0 = Debug|x64
		{64170E6D-3B58-44FD-AE4E-C66B1FA26484}.Debug|x86.ActiveCfg = Debug|Win32
		{64170E6D-3B58-44FD-AE4E-C66B1FA26484}.Debug|x86.Build.0 = Debug|Win32
		{64170E6D-3B58-44FD-AE4E-C66B1FA26484}.Release|Any CPU.ActiveCfg = Release|Win32
		{64170E6D-3B58-44FD-AE4E-C66B1FA26484}.Release|x64.ActiveCfg = Release|x64
		{64170E6D-3B58-44FD-AE4E-C66B1FA26484}.Release|x64.Build.0 = Release|x64
		{64170E6D-3B58-44FD-AE4E-C66B1FA26484}.Release|x86.ActiveCfg = Release|Win32
		{64170E6D-3B58-44FD-AE4E-C66B1FA26484}.Release|x86.Build.0 = Release|Win32
		{B4B709D9-A2F5-44A5-A26B-067999F7119E}.Debug|Any CPU.ActiveCfg = Debug|Win32
		{B4B709D9-A2F5-44A5-A26B-067999F7119E}.Debug|x64.ActiveCfg = Debug|x64
		{B4B709D9-A2F5-44A5-A26B-067999F7119E}.Debug|x64.Build.0 = Debug|x64
		{B4B709D9-A2F5-44A5-A26B-067999F7119E}.Debug|x86.ActiveCfg = Debug|Win32
		{B4B709D9-A2F5-44A5-A26B-067999F7119E}.Debug|x86.Build.0 = Debug|Win32
		{B4B709D9-A2F5-44A5-A26B-067999F7119E}.Release|Any CPU.ActiveCfg = Release|Win32
		{B4B709D9-A2F5-44A5-A26B-067999F7119E}.Release|x64.ActiveCfg = Release|x64
		{B4B709D9-A2F5-44A5-A26B-067999F7119E}.Release|x64.Build.0 = Release|x64
		{B4B709D9-A2F5-44A5-A26B-067999F7119E}.Release|x86.ActiveCfg = Release|Win32
		{B4B709D9-A2F5-44A5-A26B-067999F7119E}.Release|x86.Build.0 = Release|Win32
		{E01C0AF7-2D57-4861-BEB4-050DECDDBA68}.Debug|Any CPU.ActiveCfg = Debug|Win32
		{E01C0AF7-2D57-4861-BEB4-050DECDDBA68}.Debug|x64.ActiveCfg = Debug|x64
		{E01C0AF7-2D57-4861-BEB4-050DECDDBA68}.Debug|x64.Build.0 = Debug|x64
		{E01C0AF7-2D57-4861-BEB4-050DECDDBA68}.Debug|x86.ActiveCfg = Debug|Win32
		{E01C0AF7-2D57-4861-BEB4-050DECDDBA68}.Debug|x86.Build.0 = Debug|Win32
		{E01C0AF7-2D57-4861-BEB4-050DECDDBA68}.Release|Any CPU.ActiveCfg = Release|Win32
		{E01C0AF7-2D57-4861-BEB4-050DECDDBA68}.Release|x64.ActiveCfg = Release|x64
		{E01C0AF7-2D57-4861-BEB4-050DECDDBA68}.Release|x64.Build.0 = Release|x64
		{E01C0AF7-2D57-4861-BEB4-050DECDDBA68}.Release|x86.ActiveCfg = Release|Win32
		{E01C0AF7-2D57-4861-BEB4-050DECDDBA68}.Release|x86.Build.0 = Release|Win32
		{81FE029B-AF09-4B83-8434-5CAAECCB3154}.Debug|Any CPU.ActiveCfg = Debug|Win32
		{81FE029B-AF09-4B83-8434-5CAAECCB3154}.Debug|x64.ActiveCfg = Debug|x64
		{81FE029B-AF09-4B83-8434-5CAAECCB3154}.Debug|x64.Build.0 = Debug|x64
		{81FE029B-AF09-4B83-8434-5CAAECCB3154}.Debug|x86.ActiveCfg = Debug|Win32
		{81FE029B-AF09-4B83-8434-5CAAECCB3154}.Debug|x86.Build.0 = Debug|Win32
		{81FE029B-AF09-4B83-8434-5CAAECCB3154}.Release|Any CPU.ActiveCfg = Release|Win32
		{81FE029B-AF09-4B83-8434-5CAAECCB3154}.Release|x64.ActiveCfg = Release|x64
		{81FE029B-AF09-4B83-8434-5CAAECCB3154}.Release|x64.Build.0 = Release|x64
		{81FE029B-AF09-4B83-8434-5CAAECCB3154}.Release|x86.ActiveCfg = Release|Win32
		{81FE029B-AF09-4B83-8434-5CAAECCB3154}.Release|x86.Build.0 = Release|Win32
		{9B062926-0863-4A5E-B79C-761BA1403BC1}.Debug|Any CPU.ActiveCfg = Debug|Win32
		{9B062926-0863-4A5E-B79C-761BA1403BC1}.Debug|x64.ActiveCfg = Debug|x64
		{9B062926-0863-4A5E-B79C-761BA1403BC1}.Debug|x64.Build.0 = Debug|x64
		{9B062926-0863-4A5E-B79C-761BA1403BC1}.Debug|x86.ActiveCfg = Debug|Win32
		{9B062926-0863-4A5E-B79C-761BA1403BC1}.Debug|x86.Build.0 = Debug|Win32
		{9B062926-0863-4A5E-B79C-761BA1403BC1}.Release|Any CPU.ActiveCfg = Release|Win32
		{9B062926-0863-4A5E-B79C-761BA1403BC1}.Release|x64.ActiveCfg = Release|x64
		{9B062926-0863-4A5E-B79C-761BA1403BC1}.Release|x64.Build.0 = Release|x64
		{9B062926-0863-4A5E-B79C-761BA1403BC1}.Release|x86.ActiveCfg = Release|Win32
		{9B062926-0863-4A5E-B79C-761BA1403BC1}.Release|x86.Build.0 = Release|Win32
		{2535A761-17E3-478A-B8DF-88329E2E083B}.Debug|Any CPU.ActiveCfg = Debug|Win32
		{2535A761-17E3-478A-B8DF-88329E2E083B}.Debug|x64.ActiveCfg = Debug|x64
		{2535A761-17E3-478A-B8DF-88329E2E083B}.Debug|x64.Build.0 = Debug|x64
		{2535A761-17E3-478A-B8DF-88329E2E083B}.Debug|x86.ActiveCfg = Debug|Win32
		{2535A761-17E3-478A-B8DF-88329E2E083B}.Debug|x86.Build.0 = Debug|Win32
		{2535A761-17E3-478A-B8DF-88329E2E083B}.Release|Any CPU.ActiveCfg = Release|Win32
		{2535A761-17E3-478A-B8DF-88329E2E083B}.Release|x64.ActiveCfg = Release|x64
		{2535A761-17E3-478A-B8DF-88329E2E083B}.Release|x64.Build.0 = Release|x64
		{2535A761-17E3-478A-B8DF-88329E2E083B}.Release|x86.ActiveCfg = Release|Win32
		{2535A761-17E3-478A-B8DF-88329E2E083B}.Release|x86.Build.0 = Release|Win32
		{1C5CCD84-D773-4201-86AF-59E71DBD6CD3}.Debug|Any CPU.ActiveCfg = Debug|Win32
		{1C5CCD84-D773-4201-86AF-59E71DBD6CD3}.Debug|x64.ActiveCfg = Debug|x64
		{1C5CCD84-D773-4201-86AF-59E71DBD6CD3}.Debug|x64.Build.0 = Debug|x64
		{1C5CCD84-D773-4201-86AF-59E71DBD6CD3}.Debug|x86.ActiveCfg = Debug|Win32
		{1C5CCD84-D773-4201-86AF-59E71DBD6CD3}.Debug|x86.Build.0 = Debug|Win32
		{1C5CCD84-D773-4201-86AF-59E71DBD6CD3}.Release|Any CPU.ActiveCfg = Release|Win32
		{1C5CCD84-D773-4201-86AF-59E71DBD6CD3}.Release|x64.ActiveCfg = Release|x64
		{1C5CCD84-D773-4201-86AF-59E71DBD6CD3}.Release|x64.Build.0 = Release|x64
		{1C5CCD84-D773-4201-86AF-59E71DBD6CD3}.Release|x86.ActiveCfg = Release|Win32
		{1C5CCD84-D773-4201-86AF-59E71DBD6CD3}.Release|x86.Build.0 = Release|Win32
		{278E8D70-4D38-4AC8-869A-B6EC492D61C5}.Debug|Any CPU.ActiveCfg = Debug|Win32
		{278E8D70-4D38-4AC8-869A-B6EC492D61C5}.Debug|x64.ActiveCfg = Debug|x64
		{278E8D70-4D38-4AC8-869A-B6EC492D61C5}.Debug|x64.Build.0 = Debug|x64
		{278E8D70-4D38-4AC8-869A-B6EC492D61C5}.Debug|x86.ActiveCfg = Debug|Win32
		{278E8D70-4D38-4AC8-869A-B6EC492D61C5}.Debug|x86.Build.0 = Debug|Win32
		{278E8D70-4D38-4AC8-869A-B6EC492D61C5}.Release|Any CPU.ActiveCfg = Release|Win32
		{278E8D70-4D38-4AC8-869A-B6EC492D61C5}.Release|x64.ActiveCfg = Release|x64
		{278E8D70-4D38-4AC8-869A-B6EC492D61C5}.Release|x64.Build.0 = Release|x64
		{278E8D70-4D38-4AC8-869A-B6EC492D61C5}.Release|x86.ActiveCfg = Release|Win32
		{278E8D70-4D38-4AC8-869A-B6EC492D61C5}.Release|x86.Build.0 = Release|Win32
		{663D870B-0C71-4116-BF1A-A4FA3235AA82}.Debug|Any CPU.ActiveCfg = Debug|Win32
		{663D870B-0C71-4116-BF1A-A4FA3235AA82}.Debug|x64.ActiveCfg = Debug|x64
		{663D870B-0C71-4116-BF1A-A4FA3235AA82}.Debug|x64.Build.0 = Debug|x64
		{663D870B-0C71-4116-BF1A-A4FA3235AA82}.Debug|x86.ActiveCfg = Debug|Win32
		{663D870B-0C71-4116-BF1A-A4FA3235AA82}.Debug|x86.Build.0 = Debug|Win32
		{663D870B-0C71-4116-BF1A-A4FA3235AA82}.Release|Any CPU.ActiveCfg = Release|Win32
		{663D870B-0C71-4116-BF1A-A4FA3235AA82}.Release|x64.ActiveCfg = Release|x64
		{663D870B-0C71-4116-BF1A-A4FA3235AA82}.Release|x64.Build.0 = Release|x64
		{663D870B-0C71-4116-BF1A-A4FA3235AA82}.Release|x86.ActiveCfg = Release|Win32
		{663D870B-0C71-4116-BF1A-A4FA3235AA82}.Release|x86.Build.0 = Release|Win32
		{AF3E745D-09DF-4F2E-A961-AA6D03BD9BB7}.Debug|Any CPU.ActiveCfg = Debug|Win32
		{AF3E745D-09DF-4F2E-A961-AA6D03BD9BB7}.Debug|x64.ActiveCfg = Debug|x64
		{AF3E745D-09DF-4F2E-A961-AA6D03BD9BB7}.Debug|x64.Build.0 = Debug|x64
		{AF3E745D-09DF-4F2E-A961-AA6D03BD9BB7}.Debug|x86.ActiveCfg = Debug|Win32
		{AF3E745D-09DF-4F2E-A961-AA6D03BD9BB7}.Debug|x86.Build.0 = Debug|Win32
		{AF3E745D-09DF-4F2E-A961-AA6D03BD9BB7}.Release|Any CPU.ActiveCfg = Release|Win32
		{AF3E745D-09DF-4F2E-A961-AA6D03BD9BB7}.Release|x64.ActiveCfg = Release|x64
		{AF3E745D-09DF-4F2E-A961-AA6D03BD9BB7}.Release|x64.Build.0 = Release|x64
		{AF3E745D-09DF-4F2E-A961-AA6D03BD9BB7}.Release|x86.ActiveCfg = Release|Win32
		{AF3E745D-09DF-4F2E-A961-AA6D03BD9BB7}.Release|x86.Build.0 = Release|Win32
		{058ED895-4B07-4391-9972-9F59A8E5027D}.Debug|Any CPU.ActiveCfg = Debug|Win32
		{058ED895-4B07-4391-9972-9F59A8E5027D}.Debug|x64.ActiveCfg = Debug|x64
		{058ED895-4B07-4391-9972-9F59A8E5027D}.Debug|x64.Build.0 = Debug|x64
		{058ED895-4B07-4391-9972-9F59A8E5027D}.Debug|x86.ActiveCfg = Debug|Win32
		{058ED895-4B07-4391-9972-9F59A8E5027D}.Debug|x86.Build.0 = Debug|Win32
		{058ED895-4B07-4391-9972-9F59A8E5027D}.Release|Any CPU.ActiveCfg = Release|Win32
		{058ED895-4B07-4391-9972-9F59A8E5027D}.Release|x64.ActiveCfg = Release|x64
		{058ED895-4B07-4391-9972-9F59A8E5027D}.Release|x64.Build.0 = Release|x64
		{058ED895-4B07-4391-9972-9F59A8E5027D}.Release|x86.ActiveCfg = Release|Win32
		{058ED895-4B07-4391-9972-9F59A8E5027D}.Release|x86.Build.0 = Release|Win32
		{A1CE7D45-182B-4E76-8765-0B1D89B91E49}.Debug|Any CPU.ActiveCfg = Debug|Win32
		{A1CE7D45-182B-4E76-8765-0B1D89B91E49}.Debug|x64.ActiveCfg = Debug|x64
		{A1CE7D45-182B-4E76-8765-0B1D89B91E49}.Debug|x64.Build.0 = Debug|x64
		{A1CE7D45-182B-4E76-8765-0B1D89B91E49}.Debug|x86.ActiveCfg = Debug|Win32
		{A1CE7D45-182B-4E76-8765-0B1D89B91E49}.Debug|x86.Build.0 = Debug|Win32
		{A1CE7D45-182B-4E76-8765-0B1D89B91E49}.Release|Any CPU.ActiveCfg = Release|Win32
		{A1CE7D45-182B-4E76-8765-0B1D89B91E49}.Release|x64.ActiveCfg = Release|x64
		{A1CE7D45-182B-4E76-8765-0B1D89B91E49}.Release|x64.Build.0 = Release|x64
		{A1CE7D45-182B-4E76-8765-0B1D89B91E49}.Release|x86.ActiveCfg = Release|Win32
		{A1CE7D45-182B-4E76-8765-0B1D89B91E49}.Release|x86.Build.0 = Release|Win32
		{C0CE3AA6-EBD5-4C86-8A5D-8A2EF2F527A0}.Debug|Any CPU.ActiveCfg = Debug|Win32
		{C0CE3AA6-EBD5-4C86-8A5D-8A2EF2F527A0}.Debug|x64.ActiveCfg = Debug|x64
		{C0CE3AA6-EBD5-4C86-8A5D-8A2EF2F527A0}.Debug|x64.Build.0 = Debug|x64
		{C0CE3AA6-EBD5-4C86-8A5D-8A2EF2F527A0}.Debug|x86.ActiveCfg = Debug|Win32
		{C0CE3AA6-EBD5-4C86-8A5D-8A2EF2F527A0}.Debug|x86.Build.0 = Debug|Win32
		{C0CE3AA6-EBD5-4C86-8A5D-8A2EF2F527A0}.Release|Any CPU.ActiveCfg = Release|Win32
		{C0CE3AA6-EBD5-4C86-8A5D-8A2EF2F527A0}.Release|x64.ActiveCfg = Release|x64
		{C0CE3AA6-EBD5-4C86-8A5D-8A2EF2F527A0}.Release|x64.Build.0 = Release|x64
		{C0CE3AA6-EBD5-4C86-8A5D-8A2EF2F527A0}.Release|x86.ActiveCfg = Release|Win32
		{C0CE3AA6-EBD5-4C86-8A5D-8A2EF2F527A0}.Release|x86.Build.0 = Release|Win32
		{559A1057-8531-4115-81B7-263FA5D86A13}.Debug|Any CPU.ActiveCfg = Debug|Win32
		{559A1057-8531-4115-81B7-263FA5D86A13}.Debug|x64.ActiveCfg = Debug|x64
		{559A1057-8531-4115-81B7-263FA5D86A13}.Debug|x64.Build.0 = Debug|x64
		{559A1057-8531-4115-81B7-263FA5D86A13}.Debug|x86.ActiveCfg = Debug|Win32
		{559A1057-8531-4115-81B7-263FA5D86A13}.Debug|x86.Build.0 = Debug|Win32
		{559A1057-8531-4115-81B7-263FA5D86A13}.Release|Any CPU.ActiveCfg = Release|Win32
		{559A1057-8531-4115-81B7-263FA5D86A13}.Release|x64.ActiveCfg = Release|x64
		{559A1057-8531-4115-81B7-263FA5D86A13}.Release|x64.Build.0 = Release|x64
		{559A1057-8531-4115-81B7-263FA5D86A13}.Release|x86.ActiveCfg = Release|Win32
		{559A1057-8531-4115-81B7-263FA5D86A13}.Release|x86.Build.0 = Release|Win32
		{4DDB464F-BE69-4620-A04B-3FB798FCB919}.Debug|Any CPU.ActiveCfg = Debug|Win32
		{4DDB464F-BE69-4620-A04B-3FB798FCB919}.Debug|x64.ActiveCfg = Debug|x64
		{4DDB464F-BE69-4620-A04B-3FB798FCB919}.Debug|x64.Build.0 = Debug|x64
		{4DDB464F-BE69-4620-A04B-3FB798FCB919}.Debug|x86.ActiveCfg = Debug|Win32
		{4DDB464F-BE69-4620-A04B-3FB798FCB919}.Debug|x86.Build.0 = Debug|Win32
		{4DDB464F-BE69-4620-A04B-3FB798FCB919}.Release|Any CPU.ActiveCfg = Release|Win32
		{4DDB464F-BE69-4620-A04B-3FB798FCB919}.Release|x64.ActiveCfg = Release|x64
		{4DDB464F-BE69-4620-A04B-3FB798FCB919}.Release|x64.Build.0 = Release|x64
		{4DDB464F-BE69-4620-A04B-3FB798FCB919}.Release|x86.ActiveCfg = Release|Win32
		{4DDB464F-BE69-4620-A04B-3FB798FCB919}.Release|x86.Build.0 = Release|Win32
		{192731BD-26A5-4E5C-8EB4-85196B696D4C}.Debug|Any CPU.ActiveCfg = Debug|Win32
		{192731BD-26A5-4E5C-8EB4-85196B696D4C}.Debug|x64.ActiveCfg = Debug|x64
		{192731BD-26A5-4E5C-8EB4-85196B696D4C}.Debug|x64.Build.0 = Debug|x64
		{192731BD-26A5-4E5C-8EB4-85196B696D4C}.Debug|x86.ActiveCfg = Debug|Win32
		{192731BD-26A5-4E5C-8EB4-85196B696D4C}.Debug|x86.Build.0 = Debug|Win32
		{192731BD-26A5-4E5C-8EB4-85196B696D4C}.Release|Any CPU.ActiveCfg = Release|Win32
		{192731BD-26A5-4E5C-8EB4-85196B696D4C}.Release|x64.ActiveCfg = Release|x64
		{192731BD-26A5-4E5C-8EB4-85196B696D4C}.Release|x64.Build.0 = Release|x64
		{192731BD-26A5-4E5C-8EB4-85196B696D4C}.Release|x86.ActiveCfg = Release|Win32
		{192731BD-26A5-4E5C-8EB4-85196B696D4C}.Release|x86.Build.0 = Release|Win32
		{CA01F0AA-9EF1-4CDB-B151-96CD8ADEE895}.Debug|Any CPU.ActiveCfg = Debug|Win32
		{CA01F0AA-9EF1-4CDB-B151-96CD8ADEE895}.Debug|x64.ActiveCfg = Debug|x64
		{CA01F0AA-9EF1-4CDB-B151-96CD8ADEE895}.Debug|x64.Build.0 = Debug|x64
		{CA01F0AA-9EF1-4CDB-B151-96CD8ADEE895}.Debug|x86.ActiveCfg = Debug|Win32
		{CA01F0AA-9EF1-4CDB-B151-96CD8ADEE895}.Debug|x86.Build.0 = Debug|Win32
		{CA01F0AA-9EF1-4CDB-B151-96CD8ADEE895}.Release|Any CPU.ActiveCfg = Release|Win32
		{CA01F0AA-9EF1-4CDB-B151-96CD8ADEE895}.Release|x64.ActiveCfg = Release|x64
		{CA01F0AA-9EF1-4CDB-B151-96CD8ADEE895}.Release|x64.Build.0 = Release|x64
		{CA01F0AA-9EF1-4CDB-B151-96CD8ADEE895}.Release|x86.ActiveCfg = Release|Win32
		{CA01F0AA-9EF1-4CDB-B151-96CD8ADEE895}.Release|x86.Build.0 = Release|Win32
		{42E3160F-E9FC-4D1A-B2EF-58584CF14336}.Debug|Any CPU.ActiveCfg = Debug|Win32
		{42E3160F-E9FC-4D1A-B2EF-58584CF14336}.Debug|x64.ActiveCfg = Debug|x64
		{42E3160F-E9FC-4D1A-B2EF-58584CF14336}.Debug|x64.Build.0 = Debug|x64
		{42E3160F-E9FC-4D1A-B2EF-58584CF14336}.Debug|x86.ActiveCfg = Debug|Win32
		{42E3160F-E9FC-4D1A-B2EF-58584CF14336}.Debug|x86.Build.0 = Debug|Win32
		{42E3160F-E9FC-4D1A-B2EF-58584CF14336}.Release|Any CPU.ActiveCfg = Release|Win32
		{42E3160F-E9FC-4D1A-B2EF-58584CF14336}.Release|x64.ActiveCfg = Release|x64
		{42E3160F-E9FC-4D1A-B2EF-58584CF14336}.Release|x64.Build.0 = Release|x64
		{42E3160F-E9FC-4D1A-B2EF-58584CF14336}.Release|x86.ActiveCfg = Release|Win32
		{42E3160F-E9FC-4D1A-B2EF-58584CF14336}.Release|x86.Build.0 = Release|Win32
		{D9F31814-4D33-4D20-85F3-EC4D3A054ACD}.Debug|Any CPU.ActiveCfg = Debug|Win32
		{D9F31814-4D33-4D20-85F3-EC4D3A054ACD}.Debug|x64.ActiveCfg = Debug|x64
		{D9F31814-4D33-4D20-85F3-EC4D3A054ACD}.Debug|x64.Build.0 = Debug|x64
		{D9F31814-4D33-4D20-85F3-EC4D3A054ACD}.Debug|x86.ActiveCfg = Debug|Win32
		{D9F31814-4D33-4D20-85F3-EC4D3A054ACD}.Debug|x86.Build.0 = Debug|Win32
		{D9F31814-4D33-4D20-85F3-EC4D3A054ACD}.Release|Any CPU.ActiveCfg = Release|Win32
		{D9F31814-4D33-4D20-85F3-EC4D3A054ACD}.Release|x64.ActiveCfg = Release|x64
		{D9F31814-4D33-4D20-85F3-EC4D3A054ACD}.Release|x64.Build.0 = Release|x64
		{D9F31814-4D33-4D20-85F3-EC4D3A054ACD}.Release|x86.ActiveCfg = Release|Win32
		{D9F31814-4D33-4D20-85F3-EC4D3A054ACD}.Release|x86.Build.0 = Release|Win32
		{CCE02E98-F4BA-4B73-887A-8FD39685A2A8}.Debug|Any CPU.ActiveCfg = Debug|Win32
		{CCE02E98-F4BA-4B73-887A-8FD39685A2A8}.Debug|x64.ActiveCfg = Debug|x64
		{CCE02E98-F4BA-4B73-887A-8FD39685A2A8}.Debug|x64.Build.0 = Debug|x64
		{CCE02E98-F4BA-4B73-887A-8FD39685A2A8}.Debug|x86.ActiveCfg = Debug|Win32
		{CCE02E98-F4BA-4B73-887A-8FD39685A2A8}.Debug|x86.Build.0 = Debug|Win32
		{CCE02E98-F4BA-4B73-887A-8FD39685A2A8}.Release|Any CPU.ActiveCfg = Release|Win32
		{CCE02E98-F4BA-4B73-887A-8FD39685A2A8}.Release|x64.ActiveCfg = Release|x64
		{CCE02E98-F4BA-4B73-887A-8FD39685A2A8}.Release|x64.Build.0 = Release|x64
		{CCE02E98-F4BA-4B73-887A-8FD39685A2A8}.Release|x86.ActiveCfg = Release|Win32
		{CCE02E98-F4BA-4B73-887A-8FD39685A2A8}.Release|x86.Build.0 = Release|Win32
		{F7B67A33-B089-4A79-906E-5211B55B74AF}.Debug|Any CPU.ActiveCfg = Debug|Win32
		{F7B67A33-B089-4A79-906E-5211B55B74AF}.Debug|x64.ActiveCfg = Debug|x64
		{F7B67A33-B089-4A79-906E-5211B55B74AF}.Debug|x64.Build.0 = Debug|x64
		{F7B67A33-B089-4A79-906E-5211B55B74AF}.Debug|x86.ActiveCfg = Debug|Win32
		{F7B67A33-B089-4A79-906E-5211B55B74AF}.Debug|x86.Build.0 = Debug|Win32
		{F7B67A33-B089-4A79-906E-5211B55B74AF}.Release|Any CPU.ActiveCfg = Release|Win32
		{F7B67A33-B089-4A79-906E-5211B55B74AF}.Release|x64.ActiveCfg = Release|x64
		{F7B67A33-B089-4A79-906E-5211B55B74AF}.Release|x64.Build.0 = Release|x64
		{F7B67A33-B089-4A79-906E-5211B55B74AF}.Release|x86.ActiveCfg = Release|Win32
		{F7B67A33-B089-4A79-906E-5211B55B74AF}.Release|x86.Build.0 = Release|Win32
		{64F37823-2136-449F-97D1-D34CC68224E0}.Debug|Any CPU.ActiveCfg = Debug|Win32
		{64F37823-2136-449F-97D1-D34CC68224E0}.Debug|x64.ActiveCfg = Debug|x64
		{64F37823-2136-449F-97D1-D34CC68224E0}.Debug|x64.Build.0 = Debug|x64
		{64F37823-2136-449F-97D1-D34CC68224E0}.Debug|x86.ActiveCfg = Debug|Win32
		{64F37823-2136-449F-97D1-D34CC68224E0}.Debug|x86.Build.0 = Debug|Win32
		{64F37823-2136-449F-97D1-D34CC68224E0}.Release|Any CPU.ActiveCfg = Release|Win32
		{64F37823-2136-449F-97D1-D34CC68224E0}.Release|x64.ActiveCfg = Release|x64
		{64F37823-2136-449F-97D1-D34CC68224E0}.Release|x64.Build.0 = Release|x64
		{64F37823-2136-449F-97D1-D34CC68224E0}.Release|x86.ActiveCfg = Release|Win32
		{64F37823-2136-449F-97D1-D34CC68224E0}.Release|x86.Build.0 = Release|Win32
		{3FD615BB-E4E5-4B1D-B910-9F7C3EDC0DA9}.Debug|Any CPU.ActiveCfg = Debug|Win32
		{3FD615BB-E4E5-4B1D-B910-9F7C3EDC0DA9}.Debug|x64.ActiveCfg = Debug|x64
		{3FD615BB-E4E5-4B1D-B910-9F7C3EDC0DA9}.Debug|x64.Build.0 = Debug|x64
		{3FD615BB-E4E5-4B1D-B910-9F7C3EDC0DA9}.Debug|x86.ActiveCfg = Debug|Win32
		{3FD615BB-E4E5-4B1D-B910-9F7C3EDC0DA9}.Debug|x86.Build.0 = Debug|Win32
		{3FD615BB-E4E5-4B1D-B910-9F7C3EDC0DA9}.Release|Any CPU.ActiveCfg = Release|Win32
		{3FD615BB-E4E5-4B1D-B910-9F7C3EDC0DA9}.Release|x64.ActiveCfg = Release|x64
		{3FD615BB-E4E5-4B1D-B910-9F7C3EDC0DA9}.Release|x64.Build.0 = Release|x64
		{3FD615BB-E4E5-4B1D-B910-9F7C3EDC0DA9}.Release|x86.ActiveCfg = Release|Win32
		{3FD615BB-E4E5-4B1D-B910-9F7C3EDC0DA9}.Release|x86.Build.0 = Release|Win32
		{0CFBB8F3-03C3-4655-9FCC-CA6F0D94D2DB}.Debug|Any CPU.ActiveCfg = Debug|Win32
		{0CFBB8F3-03C3-4655-9FCC-CA6F0D94D2DB}.Debug|x64.ActiveCfg = Debug|x64
		{0CFBB8F3-03C3-4655-9FCC-CA6F0D94D2DB}.Debug|x64.Build.0 = Debug|x64
		{0CFBB8F3-03C3-4655-9FCC-CA6F0D94D2DB}.Debug|x86.ActiveCfg = Debug|Win32
		{0CFBB8F3-03C3-4655-9FCC-CA6F0D94D2DB}.Debug|x86.Build.0 = Debug|Win32
		{0CFBB8F3-03C3-4655-9FCC-CA6F0D94D2DB}.Release|Any CPU.ActiveCfg = Release|Win32
		{0CFBB8F3-03C3-4655-9FCC-CA6F0D94D2DB}.Release|x64.ActiveCfg = Release|x64
		{0CFBB8F3-03C3-4655-9FCC-CA6F0D94D2DB}.Release|x64.Build.0 = Release|x64
		{0CFBB8F3-03C3-4655-9FCC-CA6F0D94D2DB}.Release|x86.ActiveCfg = Release|Win32
		{0CFBB8F3-03C3-4655-9FCC-CA6F0D94D2DB}.Release|x86.Build.0 = Release|Win32
		{745381D0-F2F7-44F8-AEE3-B771071A31C7}.Debug|Any CPU.ActiveCfg = Debug|Win32
		{745381D0-F2F7-44F8-AEE3-B771071A31C7}.Debug|x64.ActiveCfg = Debug|x64
		{745381D0-F2F7-44F8-AEE3-B771071A31C7}.Debug|x64.Build.0 = Debug|x64
		{745381D0-F2F7-44F8-AEE3-B771071A31C7}.Debug|x86.ActiveCfg = Debug|Win32
		{745381D0-F2F7-44F8-AEE3-B771071A31C7}.Debug|x86.Build.0 = Debug|Win32
		{745381D0-F2F7-44F8-AEE3-B771071A31C7}.Release|Any CPU.ActiveCfg = Release|Win32
		{745381D0-F2F7-44F8-AEE3-B771071A31C7}.Release|x64.ActiveCfg = Release|x64
		{745381D0-F2F7-44F8-AEE3-B771071A31C7}.Release|x64.Build.0 = Release|x64
		{745381D0-F2F7-44F8-AEE3-B771071A31C7}.Release|x86.ActiveCfg = Release|Win32
		{745381D0-F2F7-44F8-AEE3-B771071A31C7}.Release|x86.Build.0 = Release|Win32
		{5407F099-D445-4C62-A3C3-BEA16585C1E1}.Debug|Any CPU.ActiveCfg = Debug|Win32
		{5407F099-D445-4C62-A3C3-BEA16585C1E1}.Debug|x64.ActiveCfg = Debug|x64
		{5407F099-D445-4C62-A3C3-BEA16585C1E1}.Debug|x64.Build.0 = Debug|x64
		{5407F099-D445-4C62-A3C3-BEA16585C1E1}.Debug|x86.ActiveCfg = Debug|Win32
		{5407F099-D445-4C62-A3C3-BEA16585C1E1}.Debug|x86.Build.0 = Debug|Win32
		{5407F099-D445-4C62-A3C3-BEA16585C1E1}.Release|Any CPU.ActiveCfg = Release|Win32
		{5407F099-D445-4C62-A3C3-BEA16585C1E1}.Release|x64.ActiveCfg = Release|x64
		{5407F099-D445-4C62-A3C3-BEA16585C1E1}.Release|x64.Build.0 = Release|x64
		{5407F099-D445-4C62-A3C3-BEA16585C1E1}.Release|x86.ActiveCfg = Release|Win32
		{5407F099-D445-4C62-A3C3-BEA16585C1E1}.Release|x86.Build.0 = Release|Win32
		{1A5E686E-8DEC-43DF-9CE5-E3DB29ED63F9}.Debug|Any CPU.ActiveCfg = Debug|Win32
		{1A5E686E-8DEC-43DF-9CE5-E3DB29ED63F9}.Debug|x64.ActiveCfg = Debug|x64
		{1A5E686E-8DEC-43DF-9CE5-E3DB29ED63F9}.Debug|x64.Build.0 = Debug|x64
		{1A5E686E-8DEC-43DF-9CE5-E3DB29ED63F9}.Debug|x86.ActiveCfg = Debug|Win32
		{1A5E686E-8DEC-43DF-9CE5-E3DB29ED63F9}.Debug|x86.Build.0 = Debug|Win32
		{1A5E686E-8DEC-43DF-9CE5-E3DB29ED63F9}.Release|Any CPU.ActiveCfg = Release|Win32
		{1A5E686E-8DEC-43DF-9CE5-E3DB29ED63F9}.Release|x64.ActiveCfg = Release|x64
		{1A5E686E-8DEC-43DF-9CE5-E3DB29ED63F9}.Release|x64.Build.0 = Release|x64
		{1A5E686E-8DEC-43DF-9CE5-E3DB29ED63F9}.Release|x86.ActiveCfg = Release|Win32
		{1A5E686E-8DEC-43DF-9CE5-E3DB29ED63F9}.Release|x86.Build.0 = Release|Win32
		{D4F6143A-9AFF-4576-B25E-6E2FB14E4B13}.Debug|Any CPU.ActiveCfg = Debug|Win32
		{D4F6143A-9AFF-4576-B25E-6E2FB14E4B13}.Debug|x64.ActiveCfg = Debug|x64
		{D4F6143A-9AFF-4576-B25E-6E2FB14E4B13}.Debug|x64.Build.0 = Debug|x64
		{D4F6143A-9AFF-4576-B25E-6E2FB14E4B13}.Debug|x86.ActiveCfg = Debug|Win32
		{D4F6143A-9AFF-4576-B25E-6E2FB14E4B13}.Debug|x86.Build.0 = Debug|Win32
		{D4F6143A-9AFF-4576-B25E-6E2FB14E4B13}.Release|Any CPU.ActiveCfg = Release|Win32
		{D4F6143A-9AFF-4576-B25E-6E2FB14E4B13}.Release|x64.ActiveCfg = Release|x64
		{D4F6143A-9AFF-4576-B25E-6E2FB14E4B13}.Release|x64.Build.0 = Release|x64
		{D4F6143A-9AFF-4576-B25E-6E2FB14E4B13}.Release|x86.ActiveCfg = Release|Win32
		{D4F6143A-9AFF-4576-B25E-6E2FB14E4B13}.Release|x86.Build.0 = Release|Win32
		{9B093EF8-62F0-4757-AA00-074BE97C3F9C}.Debug|Any CPU.ActiveCfg = Debug|Win32
		{9B093EF8-62F0-4757-AA00-074BE97C3F9C}.Debug|x64.ActiveCfg = Debug|x64
		{9B093EF8-62F0-4757-AA00-074BE97C3F9C}.Debug|x64.Build.0 = Debug|x64
		{9B093EF8-62F0-4757-AA00-074BE97C3F9C}.Debug|x86.ActiveCfg = Debug|Win32
		{9B093EF8-62F0-4757-AA00-074BE97C3F9C}.Debug|x86.Build.0 = Debug|Win32
		{9B093EF8-62F0-4757-AA00-074BE97C3F9C}.Release|Any CPU.ActiveCfg = Release|Win32
		{9B093EF8-62F0-4757-AA00-074BE97C3F9C}.Release|x64.ActiveCfg = Release|x64
		{9B093EF8-62F0-4757-AA00-074BE97C3F9C}.Release|x64.Build.0 = Release|x64
		{9B093EF8-62F0-4757-AA00-074BE97C3F9C}.Release|x86.ActiveCfg = Release|Win32
		{9B093EF8-62F0-4757-AA00-074BE97C3F9C}.Release|x86.Build.0 = Release|Win32
		{56C34116-A71A-46D3-8A5B-893DACA7F3B8}.Debug|Any CPU.ActiveCfg = Debug|Win32
		{56C34116-A71A-46D3-8A5B-893DACA7F3B8}.Debug|x64.ActiveCfg = Debug|x64
		{56C34116-A71A-46D3-8A5B-893DACA7F3B8}.Debug|x64.Build.0 = Debug|x64
		{56C34116-A71A-46D3-8A5B-893DACA7F3B8}.Debug|x86.ActiveCfg = Debug|Win32
		{56C34116-A71A-46D3-8A5B-893DACA7F3B8}.Debug|x86.Build.0 = Debug|Win32
		{56C34116-A71A-46D3-8A5B-893DACA7F3B8}.Release|Any CPU.ActiveCfg = Release|Win32
		{56C34116-A71A-46D3-8A5B-893DACA7F3B8}.Release|x64.ActiveCfg = Release|x64
		{56C34116-A71A-46D3-8A5B-893DACA7F3B8}.Release|x64.Build.0 = Release|x64
		{56C34116-A71A-46D3-8A5B-893DACA7F3B8}.Release|x86.ActiveCfg = Release|Win32
		{56C34116-A71A-46D3-8A5B-893DACA7F3B8}.Release|x86.Build.0 = Release|Win32
		{A97C223A-5011-414C-9C9D-A951C68284C0}.Debug|Any CPU.ActiveCfg = Debug|Win32
		{A97C223A-5011-414C-9C9D-A951C68284C0}.Debug|x64.ActiveCfg = Debug|x64
		{A97C223A-5011-414C-9C9D-A951C68284C0}.Debug|x64.Build.0 = Debug|x64
		{A97C223A-5011-414C-9C9D-A951C68284C0}.Debug|x86.ActiveCfg = Debug|Win32
		{A97C223A-5011-414C-9C9D-A951C68284C0}.Debug|x86.Build.0 = Debug|Win32
		{A97C223A-5011-414C-9C9D-A951C68284C0}.Release|Any CPU.ActiveCfg = Release|Win32
		{A97C223A-5011-414C-9C9D-A951C68284C0}.Release|x64.ActiveCfg = Release|x64
		{A97C223A-5011-414C-9C9D-A951C68284C0}.Release|x64.Build.0 = Release|x64
		{A97C223A-5011-414C-9C9D-A951C68284C0}.Release|x86.ActiveCfg = Release|Win32
		{A97C223A-5011-414C-9C9D-A951C68284C0}.Release|x86.Build.0 = Release|Win32
		{A52A8015-0E18-4F52-B74F-9133061D5E18}.Debug|Any CPU.ActiveCfg = Debug|Win32
		{A52A8015-0E18-4F52-B74F-9133061D5E18}.Debug|x64.ActiveCfg = Debug|x64
		{A52A8015-0E18-4F52-B74F-9133061D5E18}.Debug|x64.Build.0 = Debug|x64
		{A52A8015-0E18-4F52-B74F-9133061D5E18}.Debug|x86.ActiveCfg = Debug|Win32
		{A52A8015-0E18-4F52-B74F-9133061D5E18}.Debug|x86.Build.0 = Debug|Win32
		{A52A8015-0E18-4F52-B74F-9133061D5E18}.Release|Any CPU.ActiveCfg = Release|Win32
		{A52A8015-0E18-4F52-B74F-9133061D5E18}.Release|x64.ActiveCfg = Release|x64
		{A52A8015-0E18-4F52-B74F-9133061D5E18}.Release|x64.Build.0 = Release|x64
		{A52A8015-0E18-4F52-B74F-9133061D5E18}.Release|x86.ActiveCfg = Release|Win32
		{A52A8015-0E18-4F52-B74F-9133061D5E18}.Release|x86.Build.0 = Release|Win32
		{F5602281-8E77-4F5D-B278-A5576951AE02}.Debug|Any CPU.ActiveCfg = Debug|Win32
		{F5602281-8E77-4F5D-B278-A5576951AE02}.Debug|x64.ActiveCfg = Debug|x64
		{F5602281-8E77-4F5D-B278-A5576951AE02}.Debug|x64.Build.0 = Debug|x64
		{F5602281-8E77-4F5D-B278-A5576951AE02}.Debug|x86.ActiveCfg = Debug|Win32
		{F5602281-8E77-4F5D-B278-A5576951AE02}.Debug|x86.Build.0 = Debug|Win32
		{F5602281-8E77-4F5D-B278-A5576951AE02}.Release|Any CPU.ActiveCfg = Release|Win32
		{F5602281-8E77-4F5D-B278-A5576951AE02}.Release|x64.ActiveCfg = Release|x64
		{F5602281-8E77-4F5D-B278-A5576951AE02}.Release|x64.Build.0 = Release|x64
		{F5602281-8E77-4F5D-B278-A5576951AE02}.Release|x86.ActiveCfg = Release|Win32
		{F5602281-8E77-4F5D-B278-A5576951AE02}.Release|x86.Build.0 = Release|Win32
		{BD4770D5-BDD1-4A6A-998B-9DD162C84C5C}.Debug|Any CPU.ActiveCfg = Debug|Win32
		{BD4770D5-BDD1-4A6A-998B-9DD162C84C5C}.Debug|x64.ActiveCfg = Debug|x64
		{BD4770D5-BDD1-4A6A-998B-9DD162C84C5C}.Debug|x64.Build.0 = Debug|x64
		{BD4770D5-BDD1-4A6A-998B-9DD162C84C5C}.Debug|x86.ActiveCfg = Debug|Win32
		{BD4770D5-BDD1-4A6A-998B-9DD162C84C5C}.Debug|x86.Build.0 = Debug|Win32
		{BD4770D5-BDD1-4A6A-998B-9DD162C84C5C}.Release|Any CPU.ActiveCfg = Release|Win32
		{BD4770D5-BDD1-4A6A-998B-9DD162C84C5C}.Release|x64.ActiveCfg = Release|x64
		{BD4770D5-BDD1-4A6A-998B-9DD162C84C5C}.Release|x64.Build.0 = Release|x64
		{BD4770D5-BDD1-4A6A-998B-9DD162C84C5C}.Release|x86.ActiveCfg = Release|Win32
		{BD4770D5-BDD1-4A6A-998B-9DD162C84C5C}.Release|x86.Build.0 = Release|Win32
		{0BA1F83C-292E-4687-AB49-67273B174902}.Debug|Any CPU.ActiveCfg = Debug|Win32
		{0BA1F83C-292E-4687-AB49-67273B174902}.Debug|x64.ActiveCfg = Debug|x64
		{0BA1F83C-292E-4687-AB49-67273B174902}.Debug|x64.Build.0 = Debug|x64
		{0BA1F83C-292E-4687-AB49-67273B174902}.Debug|x86.ActiveCfg = Debug|Win32
		{0BA1F83C-292E-4687-AB49-67273B174902}.Debug|x86.Build.0 = Debug|Win32
		{0BA1F83C-292E-4687-AB49-67273B174902}.Release|Any CPU.ActiveCfg = Release|Win32
		{0BA1F83C-292E-4687-AB49-67273B174902}.Release|x64.ActiveCfg = Release|x64
		{0BA1F83C-292E-4687-AB49-67273B174902}.Release|x64.Build.0 = Release|x64
		{0BA1F83C-292E-4687-AB49-67273B174902}.Release|x86.ActiveCfg = Release|Win32
		{0BA1F83C-292E-4687-AB49-67273B174902}.Release|x86.Build.0 = Release|Win32
		{E9789F6F-E20A-40CA-AF7C-9751CDEB8B31}.Debug|Any CPU.ActiveCfg = Debug|Win32
		{E9789F6F-E20A-40CA-AF7C-9751CDEB8B31}.Debug|x64.ActiveCfg = Debug|x64
		{E9789F6F-E20A-40CA-AF7C-9751CDEB8B31}.Debug|x64.Build.0 = Debug|x64
		{E9789F6F-E20A-40CA-AF7C-9751CDEB8B31}.Debug|x86.ActiveCfg = Debug|Win32
		{E9789F6F-E20A-40CA-AF7C-9751CDEB8B31}.Debug|x86.Build.0 = Debug|Win32
		{E9789F6F-E20A-40CA-AF7C-9751CDEB8B31}.Release|Any CPU.ActiveCfg = Release|Win32
		{E9789F6F-E20A-40CA-AF7C-9751CDEB8B31}.Release|x64.ActiveCfg = Release|x64
		{E9789F6F-E20A-40CA-AF7C-9751CDEB8B31}.Release|x64.Build.0 = Release|x64
		{E9789F6F-E20A-40CA-AF7C-9751CDEB8B31}.Release|x86.ActiveCfg = Release|Win32
		{E9789F6F-E20A-40CA-AF7C-9751CDEB8B31}.Release|x86.Build.0 = Release|Win32
		{1D47CA21-1F07-486E-9E51-3EB052556D2C}.Debug|Any CPU.ActiveCfg = Debug|Win32
		{1D47CA21-1F07-486E-9E51-3EB052556D2C}.Debug|x64.ActiveCfg = Debug|x64
		{1D47CA21-1F07-486E-9E51-3EB052556D2C}.Debug|x64.Build.0 = Debug|x64
		{1D47CA21-1F07-486E-9E51-3EB052556D2C}.Debug|x86.ActiveCfg = Debug|Win32
		{1D47CA21-1F07-486E-9E51-3EB052556D2C}.Debug|x86.Build.0 = Debug|Win32
		{1D47CA21-1F07-486E-9E51-3EB052556D2C}.Release|Any CPU.ActiveCfg = Release|Win32
		{1D47CA21-1F07-486E-9E51-3EB052556D2C}.Release|x64.ActiveCfg = Release|x64
		{1D47CA21-1F07-486E-9E51-3EB052556D2C}.Release|x64.Build.0 = Release|x64
		{1D47CA21-1F07-486E-9E51-3EB052556D2C}.Release|x86.ActiveCfg = Release|Win32
		{1D47CA21-1F07-486E-9E51-3EB052556D2C}.Release|x86.Build.0 = Release|Win32
		{C9B65D90-FD26-44B3-8B0E-FABB47CD7569}.Debug|Any CPU.ActiveCfg = Debug|Win32
		{C9B65D90-FD26-44B3-8B0E-FABB47CD7569}.Debug|x64.ActiveCfg = Debug|x64
		{C9B65D90-FD26-44B3-8B0E-FABB47CD7569}.Debug|x64.Build.0 = Debug|x64
		{C9B65D90-FD26-44B3-8B0E-FABB47CD7569}.Debug|x86.ActiveCfg = Debug|Win32
		{C9B65D90-FD26-44B3-8B0E-FABB47CD7569}.Debug|x86.Build.0 = Debug|Win32
		{C9B65D90-FD26-44B3-8B0E-FABB47CD7569}.Release|Any CPU.ActiveCfg = Release|Win32
		{C9B65D90-FD26-44B3-8B0E-FABB47CD7569}.Release|x64.ActiveCfg = Release|x64
		{C9B65D90-FD26-44B3-8B0E-FABB47CD7569}.Release|x64.Build.0 = Release|x64
		{C9B65D90-FD26-44B3-8B0E-FABB47CD7569}.Release|x86.ActiveCfg = Release|Win32
		{C9B65D90-FD26-44B3-8B0E-FABB47CD7569}.Release|x86.Build.0 = Release|Win32
		{F195C3FB-C6DE-4A89-8288-163C930AA739}.Debug|Any CPU.ActiveCfg = Debug|Win32
		{F195C3FB-C6DE-4A89-8288-163C930AA739}.Debug|x64.ActiveCfg = Debug|x64
		{F195C3FB-C6DE-4A89-8288-163C930AA739}.Debug|x64.Build.0 = Debug|x64
		{F195C3FB-C6DE-4A89-8288-163C930AA739}.Debug|x86.ActiveCfg = Debug|Win32
		{F195C3FB-C6DE-4A89-8288-163C930AA739}.Debug|x86.Build.0 = Debug|Win32
		{F195C3FB-C6DE-4A89-8288-163C930AA739}.Release|Any CPU.ActiveCfg = Release|Win32
		{F195C3FB-C6DE-4A89-8288-163C930AA739}.Release|x64.ActiveCfg = Release|x64
		{F195C3FB-C6DE-4A89-8288-163C930AA739}.Release|x64.Build.0 = Release|x64
		{F195C3FB-C6DE-4A89-8288-163C930AA739}.Release|x86.ActiveCfg = Release|Win32
		{F195C3FB-C6DE-4A89-8288-163C930AA739}.Release|x86.Build.0 = Release|Win32
		{E63AAC2D-F9C4-4C0C-B201-15DF0C52AEC0}.Debug|Any CPU.ActiveCfg = Debug|Win32
		{E63AAC2D-F9C4-4C0C-B201-15DF0C52AEC0}.Debug|x64.ActiveCfg = Debug|x64
		{E63AAC2D-F9C4-4C0C-B201-15DF0C52AEC0}.Debug|x64.Build.0 = Debug|x64
		{E63AAC2D-F9C4-4C0C-B201-15DF0C52AEC0}.Debug|x86.ActiveCfg = Debug|Win32
		{E63AAC2D-F9C4-4C0C-B201-15DF0C52AEC0}.Debug|x86.Build.0 = Debug|Win32
		{E63AAC2D-F9C4-4C0C-B201-15DF0C52AEC0}.Release|Any CPU.ActiveCfg = Release|Win32
		{E63AAC2D-F9C4-4C0C-B201-15DF0C52AEC0}.Release|x64.ActiveCfg = Release|x64
		{E63AAC2D-F9C4-4C0C-B201-15DF0C52AEC0}.Release|x64.Build.0 = Release|x64
		{E63AAC2D-F9C4-4C0C-B201-15DF0C52AEC0}.Release|x86.ActiveCfg = Release|Win32
		{E63AAC2D-F9C4-4C0C-B201-15DF0C52AEC0}.Release|x86.Build.0 = Release|Win32
		{5F244ECE-6B34-497A-AB7F-C195E88C358A}.Debug|Any CPU.ActiveCfg = Debug|Win32
		{5F244ECE-6B34-497A-AB7F-C195E88C358A}.Debug|x64.ActiveCfg = Debug|x64
		{5F244ECE-6B34-497A-AB7F-C195E88C358A}.Debug|x64.Build.0 = Debug|x64
		{5F244ECE-6B34-497A-AB7F-C195E88C358A}.Debug|x86.ActiveCfg = Debug|Win32
		{5F244ECE-6B34-497A-AB7F-C195E88C358A}.Debug|x86.Build.0 = Debug|Win32
		{5F244ECE-6B34-497A-AB7F-C195E88C358A}.Release|Any CPU.ActiveCfg = Release|Win32
		{5F244ECE-6B34-497A-AB7F-C195E88C358A}.Release|x64.ActiveCfg = Release|x64
		{5F244ECE-6B34-497A-AB7F-C195E88C358A}.Release|x64.Build.0 = Release|x64
		{5F244ECE-6B34-497A-AB7F-C195E88C358A}.Release|x86.ActiveCfg = Release|Win32
		{5F244ECE-6B34-497A-AB7F-C195E88C358A}.Release|x86.Build.0 = Release|Win32
		{4C392F30-3BFE-4D08-813E-038F51B91BF8}.Debug|Any CPU.ActiveCfg = Debug|Win32
		{4C392F30-3BFE-4D08-813E-038F51B91BF8}.Debug|x64.ActiveCfg = Debug|x64
		{4C392F30-3BFE-4D08-813E-038F51B91BF8}.Debug|x64.Build.0 = Debug|x64
		{4C392F30-3BFE-4D08-813E-038F51B91BF8}.Debug|x86.ActiveCfg = Debug|Win32
		{4C392F30-3BFE-4D08-813E-038F51B91BF8}.Debug|x86.Build.0 = Debug|Win32
		{4C392F30-3BFE-4D08-813E-038F51B91BF8}.Release|Any CPU.ActiveCfg = Release|Win32
		{4C392F30-3BFE-4D08-813E-038F51B91BF8}.Release|x64.ActiveCfg = Release|x64
		{4C392F30-3BFE-4D08-813E-038F51B91BF8}.Release|x64.Build.0 = Release|x64
		{4C392F30-3BFE-4D08-813E-038F51B91BF8}.Release|x86.ActiveCfg = Release|Win32
		{4C392F30-3BFE-4D08-813E-038F51B91BF8}.Release|x86.Build.0 = Release|Win32
		{0F75FE0F-30B6-4D74-94E4-7FA7B6A864D8}.Debug|Any CPU.ActiveCfg = Debug|Win32
		{0F75FE0F-30B6-4D74-94E4-7FA7B6A864D8}.Debug|x64.ActiveCfg = Debug|x64
		{0F75FE0F-30B6-4D74-94E4-7FA7B6A864D8}.Debug|x64.Build.0 = Debug|x64
		{0F75FE0F-30B6-4D74-94E4-7FA7B6A864D8}.Debug|x86.ActiveCfg = Debug|Win32
		{0F75FE0F-30B6-4D74-94E4-7FA7B6A864D8}.Debug|x86.Build.0 = Debug|Win32
		{0F75FE0F-30B6-4D74-94E4-7FA7B6A864D8}.Release|Any CPU.ActiveCfg = Release|Win32
		{0F75FE0F-30B6-4D74-94E4-7FA7B6A864D8}.Release|x64.ActiveCfg = Release|x64
		{0F75FE0F-30B6-4D74-94E4-7FA7B6A864D8}.Release|x64.Build.0 = Release|x64
		{0F75FE0F-30B6-4D74-94E4-7FA7B6A864D8}.Release|x86.ActiveCfg = Release|Win32
		{0F75FE0F-30B6-4D74-94E4-7FA7B6A864D8}.Release|x86.Build.0 = Release|Win32
		{63EB9BA2-D06F-47DC-BCB8-283D64CE3349}.Debug|Any CPU.ActiveCfg = Debug|Win32
		{63EB9BA2-D06F-47DC-BCB8-283D64CE3349}.Debug|x64.ActiveCfg = Debug|x64
		{63EB9BA2-D06F-47DC-BCB8-283D64CE3349}.Debug|x64.Build.0 = Debug|x64
		{63EB9BA2-D06F-47DC-BCB8-283D64CE3349}.Debug|x86.ActiveCfg = Debug|Win32
		{63EB9BA2-D06F-47DC-BCB8-283D64CE3349}.Debug|x86.Build.0 = Debug|Win32
		{63EB9BA2-D06F-47DC-BCB8-283D64CE3349}.Release|Any CPU.ActiveCfg = Release|Win32
		{63EB9BA2-D06F-47DC-BCB8-283D64CE3349}.Release|x64.ActiveCfg = Release|x64
		{63EB9BA2-D06F-47DC-BCB8-283D64CE3349}.Release|x64.Build.0 = Release|x64
		{63EB9BA2-D06F-47DC-BCB8-283D64CE3349}.Release|x86.ActiveCfg = Release|Win32
		{63EB9BA2-D06F-47DC-BCB8-283D64CE3349}.Release|x86.Build.0 = Release|Win32
		{B3388314-AC22-4060-B087-308F60C1024E}.Debug|Any CPU.ActiveCfg = Debug|Win32
		{B3388314-AC22-4060-B087-308F60C1024E}.Debug|x64.ActiveCfg = Debug|x64
		{B3388314-AC22-4060-B087-308F60C1024E}.Debug|x64.Build.0 = Debug|x64
		{B3388314-AC22-4060-B087-308F60C1024E}.Debug|x86.ActiveCfg = Debug|Win32
		{B3388314-AC22-4060-B087-308F60C1024E}.Debug|x86.Build.0 = Debug|Win32
		{B3388314-AC22-4060-B087-308F60C1024E}.Release|Any CPU.ActiveCfg = Release|Win32
		{B3388314-AC22-4060-B087-308F60C1024E}.Release|x64.ActiveCfg = Release|x64
		{B3388314-AC22-4060-B087-308F60C1024E}.Release|x64.Build.0 = Release|x64
		{B3388314-AC22-4060-B087-308F60C1024E}.Release|x86.ActiveCfg = Release|Win32
		{B3388314-AC22-4060-B087-308F60C1024E}.Release|x86.Build.0 = Release|Win32
		{59185FC5-39E7-4147-9B22-44B70FA35AA3}.Debug|Any CPU.ActiveCfg = Debug|Win32
		{59185FC5-39E7-4147-9B22-44B70FA35AA3}.Debug|x64.ActiveCfg = Debug|x64
		{59185FC5-39E7-4147-9B22-44B70FA35AA3}.Debug|x64.Build.0 = Debug|x64
		{59185FC5-39E7-4147-9B22-44B70FA35AA3}.Debug|x86.ActiveCfg = Debug|Win32
		{59185FC5-39E7-4147-9B22-44B70FA35AA3}.Debug|x86.Build.0 = Debug|Win32
		{59185FC5-39E7-4147-9B22-44B70FA35AA3}.Release|Any CPU.ActiveCfg = Release|Win32
		{59185FC5-39E7-4147-9B22-44B70FA35AA3}.Release|x64.ActiveCfg = Release|x64
		{59185FC5-39E7-4147-9B22-44B70FA35AA3}.Release|x64.Build.0 = Release|x64
		{59185FC5-39E7-4147-9B22-44B70FA35AA3}.Release|x86.ActiveCfg = Release|Win32
		{59185FC5-39E7-4147-9B22-44B70FA35AA3}.Release|x86.Build.0 = Release|Win32
		{F946AD31-7881-443D-BF10-066539384DAD}.Debug|Any CPU.ActiveCfg = Debug|Win32
		{F946AD31-7881-443D-BF10-066539384DAD}.Debug|x64.ActiveCfg = Debug|x64
		{F946AD31-7881-443D-BF10-066539384DAD}.Debug|x64.Build.0 = Debug|x64
		{F946AD31-7881-443D-BF10-066539384DAD}.Debug|x86.ActiveCfg = Debug|Win32
		{F946AD31-7881-443D-BF10-066539384DAD}.Debug|x86.Build.0 = Debug|Win32
		{F946AD31-7881-443D-BF10-066539384DAD}.Release|Any CPU.ActiveCfg = Release|Win32
		{F946AD31-7881-443D-BF10-066539384DAD}.Release|x64.ActiveCfg = Release|x64
		{F946AD31-7881-443D-BF10-066539384DAD}.Release|x64.Build.0 = Release|x64
		{F946AD31-7881-443D-BF10-066539384DAD}.Release|x86.ActiveCfg = Release|Win32
		{F946AD31-7881-443D-BF10-066539384DAD}.Release|x86.Build.0 = Release|Win32
		{BA1D8DE9-A0BA-430B-AB6F-4F69EB964DB0}.Debug|Any CPU.ActiveCfg = Debug|Win32
		{BA1D8DE9-A0BA-430B-AB6F-4F69EB964DB0}.Debug|x64.ActiveCfg = Debug|x64
		{BA1D8DE9-A0BA-430B-AB6F-4F69EB964DB0}.Debug|x64.Build.0 = Debug|x64
		{BA1D8DE9-A0BA-430B-AB6F-4F69EB964DB0}.Debug|x86.ActiveCfg = Debug|Win32
		{BA1D8DE9-A0BA-430B-AB6F-4F69EB964DB0}.Debug|x86.Build.0 = Debug|Win32
		{BA1D8DE9-A0BA-430B-AB6F-4F69EB964DB0}.Release|Any CPU.ActiveCfg = Release|Win32
		{BA1D8DE9-A0BA-430B-AB6F-4F69EB964DB0}.Release|x64.ActiveCfg = Release|x64
		{BA1D8DE9-A0BA-430B-AB6F-4F69EB964DB0}.Release|x64.Build.0 = Release|x64
		{BA1D8DE9-A0BA-430B-AB6F-4F69EB964DB0}.Release|x86.ActiveCfg = Release|Win32
		{BA1D8DE9-A0BA-430B-AB6F-4F69EB964DB0}.Release|x86.Build.0 = Release|Win32
		{0CA59F9D-E2CD-4CB7-A489-DC32ED5D03F2}.Debug|Any CPU.ActiveCfg = Debug|Win32
		{0CA59F9D-E2CD-4CB7-A489-DC32ED5D03F2}.Debug|x64.ActiveCfg = Debug|x64
		{0CA59F9D-E2CD-4CB7-A489-DC32ED5D03F2}.Debug|x64.Build.0 = Debug|x64
		{0CA59F9D-E2CD-4CB7-A489-DC32ED5D03F2}.Debug|x86.ActiveCfg = Debug|Win32
		{0CA59F9D-E2CD-4CB7-A489-DC32ED5D03F2}.Debug|x86.Build.0 = Debug|Win32
		{0CA59F9D-E2CD-4CB7-A489-DC32ED5D03F2}.Release|Any CPU.ActiveCfg = Release|Win32
		{0CA59F9D-E2CD-4CB7-A489-DC32ED5D03F2}.Release|x64.ActiveCfg = Release|x64
		{0CA59F9D-E2CD-4CB7-A489-DC32ED5D03F2}.Release|x64.Build.0 = Release|x64
		{0CA59F9D-E2CD-4CB7-A489-DC32ED5D03F2}.Release|x86.ActiveCfg = Release|Win32
		{0CA59F9D-E2CD-4CB7-A489-DC32ED5D03F2}.Release|x86.Build.0 = Release|Win32
		{B03FD64A-63A0-44DD-9C37-D94F3EBB6EFB}.Debug|Any CPU.ActiveCfg = Debug|Win32
		{B03FD64A-63A0-44DD-9C37-D94F3EBB6EFB}.Debug|x64.ActiveCfg = Debug|x64
		{B03FD64A-63A0-44DD-9C37-D94F3EBB6EFB}.Debug|x64.Build.0 = Debug|x64
		{B03FD64A-63A0-44DD-9C37-D94F3EBB6EFB}.Debug|x86.ActiveCfg = Debug|Win32
		{B03FD64A-63A0-44DD-9C37-D94F3EBB6EFB}.Debug|x86.Build.0 = Debug|Win32
		{B03FD64A-63A0-44DD-9C37-D94F3EBB6EFB}.Release|Any CPU.ActiveCfg = Release|Win32
		{B03FD64A-63A0-44DD-9C37-D94F3EBB6EFB}.Release|x64.ActiveCfg = Release|x64
		{B03FD64A-63A0-44DD-9C37-D94F3EBB6EFB}.Release|x64.Build.0 = Release|x64
		{B03FD64A-63A0-44DD-9C37-D94F3EBB6EFB}.Release|x86.ActiveCfg = Release|Win32
		{B03FD64A-63A0-44DD-9C37-D94F3EBB6EFB}.Release|x86.Build.0 = Release|Win32
		{B0D1A8E5-DF4C-44BF-B306-692CBA07C7E2}.Debug|Any CPU.ActiveCfg = Debug|Win32
		{B0D1A8E5-DF4C-44BF-B306-692CBA07C7E2}.Debug|x64.ActiveCfg = Debug|x64
		{B0D1A8E5-DF4C-44BF-B306-692CBA07C7E2}.Debug|x64.Build.0 = Debug|x64
		{B0D1A8E5-DF4C-44BF-B306-692CBA07C7E2}.Debug|x86.ActiveCfg = Debug|Win32
		{B0D1A8E5-DF4C-44BF-B306-692CBA07C7E2}.Debug|x86.Build.0 = Debug|Win32
		{B0D1A8E5-DF4C-44BF-B306-692CBA07C7E2}.Release|Any CPU.ActiveCfg = Release|Win32
		{B0D1A8E5-DF4C-44BF-B306-692CBA07C7E2}.Release|x64.ActiveCfg = Release|x64
		{B0D1A8E5-DF4C-44BF-B306-692CBA07C7E2}.Release|x64.Build.0 = Release|x64
		{B0D1A8E5-DF4C-44BF-B306-692CBA07C7E2}.Release|x86.ActiveCfg = Release|Win32
		{B0D1A8E5-DF4C-44BF-B306-692CBA07C7E2}.Release|x86.Build.0 = Release|Win32
		{B41AA98E-324D-4FB3-A89D-5E81FB295878}.Debug|Any CPU.ActiveCfg = Debug|Win32
		{B41AA98E-324D-4FB3-A89D-5E81FB295878}.Debug|x64.ActiveCfg = Debug|x64
		{B41AA98E-324D-4FB3-A89D-5E81FB295878}.Debug|x64.Build.0 = Debug|x64
		{B41AA98E-324D-4FB3-A89D-5E81FB295878}.Debug|x86.ActiveCfg = Debug|Win32
		{B41AA98E-324D-4FB3-A89D-5E81FB295878}.Debug|x86.Build.0 = Debug|Win32
		{B41AA98E-324D-4FB3-A89D-5E81FB295878}.Release|Any CPU.ActiveCfg = Release|Win32
		{B41AA98E-324D-4FB3-A89D-5E81FB295878}.Release|x64.ActiveCfg = Release|x64
		{B41AA98E-324D-4FB3-A89D-5E81FB295878}.Release|x64.Build.0 = Release|x64
		{B41AA98E-324D-4FB3-A89D-5E81FB295878}.Release|x86.ActiveCfg = Release|Win32
		{B41AA98E-324D-4FB3-A89D-5E81FB295878}.Release|x86.Build.0 = Release|Win32
		{A67ADEDB-D7CE-4F6C-B1C7-DE9B5D3CAA5F}.Debug|Any CPU.ActiveCfg = Debug|Win32
		{A67ADEDB-D7CE-4F6C-B1C7-DE9B5D3CAA5F}.Debug|x64.ActiveCfg = Debug|x64
		{A67ADEDB-D7CE-4F6C-B1C7-DE9B5D3CAA5F}.Debug|x64.Build.0 = Debug|x64
		{A67ADEDB-D7CE-4F6C-B1C7-DE9B5D3CAA5F}.Debug|x86.ActiveCfg = Debug|Win32
		{A67ADEDB-D7CE-4F6C-B1C7-DE9B5D3CAA5F}.Debug|x86.Build.0 = Debug|Win32
		{A67ADEDB-D7CE-4F6C-B1C7-DE9B5D3CAA5F}.Release|Any CPU.ActiveCfg = Release|Win32
		{A67ADEDB-D7CE-4F6C-B1C7-DE9B5D3CAA5F}.Release|x64.ActiveCfg = Release|x64
		{A67ADEDB-D7CE-4F6C-B1C7-DE9B5D3CAA5F}.Release|x64.Build.0 = Release|x64
		{A67ADEDB-D7CE-4F6C-B1C7-DE9B5D3CAA5F}.Release|x86.ActiveCfg = Release|Win32
		{A67ADEDB-D7CE-4F6C-B1C7-DE9B5D3CAA5F}.Release|x86.Build.0 = Release|Win32
		{6D3422FF-47BA-4C0E-B5EF-FC29F35849F6}.Debug|Any CPU.ActiveCfg = Debug|Win32
		{6D3422FF-47BA-4C0E-B5EF-FC29F35849F6}.Debug|x64.ActiveCfg = Debug|x64
		{6D3422FF-47BA-4C0E-B5EF-FC29F35849F6}.Debug|x64.Build.0 = Debug|x64
		{6D3422FF-47BA-4C0E-B5EF-FC29F35849F6}.Debug|x86.ActiveCfg = Debug|Win32
		{6D3422FF-47BA-4C0E-B5EF-FC29F35849F6}.Debug|x86.Build.0 = Debug|Win32
		{6D3422FF-47BA-4C0E-B5EF-FC29F35849F6}.Release|Any CPU.ActiveCfg = Release|Win32
		{6D3422FF-47BA-4C0E-B5EF-FC29F35849F6}.Release|x64.ActiveCfg = Release|x64
		{6D3422FF-47BA-4C0E-B5EF-FC29F35849F6}.Release|x64.Build.0 = Release|x64
		{6D3422FF-47BA-4C0E-B5EF-FC29F35849F6}.Release|x86.ActiveCfg = Release|Win32
		{6D3422FF-47BA-4C0E-B5EF-FC29F35849F6}.Release|x86.Build.0 = Release|Win32
		{FDCA9470-6AC4-434A-929D-CE1AFB9DB71A}.Debug|Any CPU.ActiveCfg = Debug|Win32
		{FDCA9470-6AC4-434A-929D-CE1AFB9DB71A}.Debug|x64.ActiveCfg = Debug|x64
		{FDCA9470-6AC4-434A-929D-CE1AFB9DB71A}.Debug|x64.Build.0 = Debug|x64
		{FDCA9470-6AC4-434A-929D-CE1AFB9DB71A}.Debug|x86.ActiveCfg = Debug|Win32
		{FDCA9470-6AC4-434A-929D-CE1AFB9DB71A}.Debug|x86.Build.0 = Debug|Win32
		{FDCA9470-6AC4-434A-929D-CE1AFB9DB71A}.Release|Any CPU.ActiveCfg = Release|Win32
		{FDCA9470-6AC4-434A-929D-CE1AFB9DB71A}.Release|x64.ActiveCfg = Release|x64
		{FDCA9470-6AC4-434A-929D-CE1AFB9DB71A}.Release|x64.Build.0 = Release|x64
		{FDCA9470-6AC4-434A-929D-CE1AFB9DB71A}.Release|x86.ActiveCfg = Release|Win32
		{FDCA9470-6AC4-434A-929D-CE1AFB9DB71A}.Release|x86.Build.0 = Release|Win32
		{3D878B2D-123C-46BA-B146-AAC99FE2D48E}.Debug|Any CPU.ActiveCfg = Debug|Win32
		{3D878B2D-123C-46BA-B146-AAC99FE2D48E}.Debug|x64.ActiveCfg = Debug|x64
		{3D878B2D-123C-46BA-B146-AAC99FE2D48E}.Debug|x64.Build.0 = Debug|x64
		{3D878B2D-123C-46BA-B146-AAC99FE2D48E}.Debug|x86.ActiveCfg = Debug|Win32
		{3D878B2D-123C-46BA-B146-AAC99FE2D48E}.Debug|x86.Build.0 = Debug|Win32
		{3D878B2D-123C-46BA-B146-AAC99FE2D48E}.Release|Any CPU.ActiveCfg = Release|Win32
		{3D878B2D-123C-46BA-B146-AAC99FE2D48E}.Release|x64.ActiveCfg = Release|x64
		{3D878B2D-123C-46BA-B146-AAC99FE2D48E}.Release|x64.Build.0 = Release|x64
		{3D878B2D-123C-46BA-B146-AAC99FE2D48E}.Release|x86.ActiveCfg = Release|Win32
		{3D878B2D-123C-46BA-B146-AAC99FE2D48E}.Release|x86.Build.0 = Release|Win32
		{3114807C-6015-465C-8E96-289B3D259562}.Debug|Any CPU.ActiveCfg = Debug|Win32
		{3114807C-6015-465C-8E96-289B3D259562}.Debug|x64.ActiveCfg = Debug|x64
		{3114807C-6015-465C-8E96-289B3D259562}.Debug|x64.Build.0 = Debug|x64
		{3114807C-6015-465C-8E96-289B3D259562}.Debug|x86.ActiveCfg = Debug|Win32
		{3114807C-6015-465C-8E96-289B3D259562}.Debug|x86.Build.0 = Debug|Win32
		{3114807C-6015-465C-8E96-289B3D259562}.Release|Any CPU.ActiveCfg = Release|Win32
		{3114807C-6015-465C-8E96-289B3D259562}.Release|x64.ActiveCfg = Release|x64
		{3114807C-6015-465C-8E96-289B3D259562}.Release|x64.Build.0 = Release|x64
		{3114807C-6015-465C-8E96-289B3D259562}.Release|x86.ActiveCfg = Release|Win32
		{3114807C-6015-465C-8E96-289B3D259562}.Release|x86.Build.0 = Release|Win32
		{21C08FE1-FA7B-4EDF-ACA7-04D693DF1160}.Debug|Any CPU.ActiveCfg = Debug|Win32
		{21C08FE1-FA7B-4EDF-ACA7-04D693DF1160}.Debug|x64.ActiveCfg = Debug|x64
		{21C08FE1-FA7B-4EDF-ACA7-04D693DF1160}.Debug|x64.Build.0 = Debug|x64
		{21C08FE1-FA7B-4EDF-ACA7-04D693DF1160}.Debug|x86.ActiveCfg = Debug|Win32
		{21C08FE1-FA7B-4EDF-ACA7-04D693DF1160}.Debug|x86.Build.0 = Debug|Win32
		{21C08FE1-FA7B-4EDF-ACA7-04D693DF1160}.Release|Any CPU.ActiveCfg = Release|Win32
		{21C08FE1-FA7B-4EDF-ACA7-04D693DF1160}.Release|x64.ActiveCfg = Release|x64
		{21C08FE1-FA7B-4EDF-ACA7-04D693DF1160}.Release|x64.Build.0 = Release|x64
		{21C08FE1-FA7B-4EDF-ACA7-04D693DF1160}.Release|x86.ActiveCfg = Release|Win32
		{21C08FE1-FA7B-4EDF-ACA7-04D693DF1160}.Release|x86.Build.0 = Release|Win32
		{801FA7F9-F235-4480-9ED6-E4A667B4B59A}.Debug|Any CPU.ActiveCfg = Debug|Win32
		{801FA7F9-F235-4480-9ED6-E4A667B4B59A}.Debug|x64.ActiveCfg = Debug|x64
		{801FA7F9-F235-4480-9ED6-E4A667B4B59A}.Debug|x64.Build.0 = Debug|x64
		{801FA7F9-F235-4480-9ED6-E4A667B4B59A}.Debug|x86.ActiveCfg = Debug|Win32
		{801FA7F9-F235-4480-9ED6-E4A667B4B59A}.Debug|x86.Build.0 = Debug|Win32
		{801FA7F9-F235-4480-9ED6-E4A667B4B59A}.Release|Any CPU.ActiveCfg = Release|Win32
		{801FA7F9-F235-4480-9ED6-E4A667B4B59A}.Release|x64.ActiveCfg = Release|x64
		{801FA7F9-F235-4480-9ED6-E4A667B4B59A}.Release|x64.Build.0 = Release|x64
		{801FA7F9-F235-4480-9ED6-E4A667B4B59A}.Release|x86.ActiveCfg = Release|Win32
		{801FA7F9-F235-4480-9ED6-E4A667B4B59A}.Release|x86.Build.0 = Release|Win32
		{0FC19621-B8F2-471F-842B-E2F4F4F5FDDE}.Debug|Any CPU.ActiveCfg = Debug|Win32
		{0FC19621-B8F2-471F-842B-E2F4F4F5FDDE}.Debug|x64.ActiveCfg = Debug|x64
		{0FC19621-B8F2-471F-842B-E2F4F4F5FDDE}.Debug|x64.Build.0 = Debug|x64
		{0FC19621-B8F2-471F-842B-E2F4F4F5FDDE}.Debug|x86.ActiveCfg = Debug|Win32
		{0FC19621-B8F2-471F-842B-E2F4F4F5FDDE}.Debug|x86.Build.0 = Debug|Win32
		{0FC19621-B8F2-471F-842B-E2F4F4F5FDDE}.Release|Any CPU.ActiveCfg = Release|Win32
		{0FC19621-B8F2-471F-842B-E2F4F4F5FDDE}.Release|x64.ActiveCfg = Release|x64
		{0FC19621-B8F2-471F-842B-E2F4F4F5FDDE}.Release|x64.Build.0 = Release|x64
		{0FC19621-B8F2-471F-842B-E2F4F4F5FDDE}.Release|x86.ActiveCfg = Release|Win32
		{0FC19621-B8F2-471F-842B-E2F4F4F5FDDE}.Release|x86.Build.0 = Release|Win32
		{B0C6FD47-FFEC-44CF-BA7A-8F6E7F5ED8CB}.Debug|Any CPU.ActiveCfg = Debug|Win32
		{B0C6FD47-FFEC-44CF-BA7A-8F6E7F5ED8CB}.Debug|x64.ActiveCfg = Debug|x64
		{B0C6FD47-FFEC-44CF-BA7A-8F6E7F5ED8CB}.Debug|x64.Build.0 = Debug|x64
		{B0C6FD47-FFEC-44CF-BA7A-8F6E7F5ED8CB}.Debug|x86.ActiveCfg = Debug|Win32
		{B0C6FD47-FFEC-44CF-BA7A-8F6E7F5ED8CB}.Debug|x86.Build.0 = Debug|Win32
		{B0C6FD47-FFEC-44CF-BA7A-8F6E7F5ED8CB}.Release|Any CPU.ActiveCfg = Release|Win32
		{B0C6FD47-FFEC-44CF-BA7A-8F6E7F5ED8CB}.Release|x64.ActiveCfg = Release|x64
		{B0C6FD47-FFEC-44CF-BA7A-8F6E7F5ED8CB}.Release|x64.Build.0 = Release|x64
		{B0C6FD47-FFEC-44CF-BA7A-8F6E7F5ED8CB}.Release|x86.ActiveCfg = Release|Win32
		{B0C6FD47-FFEC-44CF-BA7A-8F6E7F5ED8CB}.Release|x86.Build.0 = Release|Win32
		{4E3BD6B8-AD54-4845-BDFD-AE322B2BFA1C}.Debug|Any CPU.ActiveCfg = Debug|Win32
		{4E3BD6B8-AD54-4845-BDFD-AE322B2BFA1C}.Debug|x64.ActiveCfg = Debug|x64
		{4E3BD6B8-AD54-4845-BDFD-AE322B2BFA1C}.Debug|x64.Build.0 = Debug|x64
		{4E3BD6B8-AD54-4845-BDFD-AE322B2BFA1C}.Debug|x86.ActiveCfg = Debug|Win32
		{4E3BD6B8-AD54-4845-BDFD-AE322B2BFA1C}.Debug|x86.Build.0 = Debug|Win32
		{4E3BD6B8-AD54-4845-BDFD-AE322B2BFA1C}.Release|Any CPU.ActiveCfg = Release|Win32
		{4E3BD6B8-AD54-4845-BDFD-AE322B2BFA1C}.Release|x64.ActiveCfg = Release|x64
		{4E3BD6B8-AD54-4845-BDFD-AE322B2BFA1C}.Release|x64.Build.0 = Release|x64
		{4E3BD6B8-AD54-4845-BDFD-AE322B2BFA1C}.Release|x86.ActiveCfg = Release|Win32
		{4E3BD6B8-AD54-4845-BDFD-AE322B2BFA1C}.Release|x86.Build.0 = Release|Win32
		{E40AFC0F-455A-43EF-84B4-14606F475B83}.Debug|Any CPU.ActiveCfg = Debug|Win32
		{E40AFC0F-455A-43EF-84B4-14606F475B83}.Debug|x64.ActiveCfg = Debug|x64
		{E40AFC0F-455A-43EF-84B4-14606F475B83}.Debug|x64.Build.0 = Debug|x64
		{E40AFC0F-455A-43EF-84B4-14606F475B83}.Debug|x86.ActiveCfg = Debug|Win32
		{E40AFC0F-455A-43EF-84B4-14606F475B83}.Debug|x86.Build.0 = Debug|Win32
		{E40AFC0F-455A-43EF-84B4-14606F475B83}.Release|Any CPU.ActiveCfg = Release|Win32
		{E40AFC0F-455A-43EF-84B4-14606F475B83}.Release|x64.ActiveCfg = Release|x64
		{E40AFC0F-455A-43EF-84B4-14606F475B83}.Release|x64.Build.0 = Release|x64
		{E40AFC0F-455A-43EF-84B4-14606F475B83}.Release|x86.ActiveCfg = Release|Win32
		{E40AFC0F-455A-43EF-84B4-14606F475B83}.Release|x86.Build.0 = Release|Win32
		{335E3117-4E36-45FC-B940-9D944A3739EE}.Debug|Any CPU.ActiveCfg = Debug|Win32
		{335E3117-4E36-45FC-B940-9D944A3739EE}.Debug|x64.ActiveCfg = Debug|x64
		{335E3117-4E36-45FC-B940-9D944A3739EE}.Debug|x64.Build.0 = Debug|x64
		{335E3117-4E36-45FC-B940-9D944A3739EE}.Debug|x86.ActiveCfg = Debug|Win32
		{335E3117-4E36-45FC-B940-9D944A3739EE}.Debug|x86.Build.0 = Debug|Win32
		{335E3117-4E36-45FC-B940-9D944A3739EE}.Release|Any CPU.ActiveCfg = Release|Win32
		{335E3117-4E36-45FC-B940-9D944A3739EE}.Release|x64.ActiveCfg = Release|x64
		{335E3117-4E36-45FC-B940-9D944A3739EE}.Release|x64.Build.0 = Release|x64
		{335E3117-4E36-45FC-B940-9D944A3739EE}.Release|x86.ActiveCfg = Release|Win32
		{335E3117-4E36-45FC-B940-9D944A3739EE}.Release|x86.Build.0 = Release|Win32
		{343C067D-7F48-48F5-A155-C1B5C1F3241B}.Debug|Any CPU.ActiveCfg = Debug|Win32
		{343C067D-7F48-48F5-A155-C1B5C1F3241B}.Debug|x64.ActiveCfg = Debug|x64
		{343C067D-7F48-48F5-A155-C1B5C1F3241B}.Debug|x64.Build.0 = Debug|x64
		{343C067D-7F48-48F5-A155-C1B5C1F3241B}.Debug|x86.ActiveCfg = Debug|Win32
		{343C067D-7F48-48F5-A155-C1B5C1F3241B}.Debug|x86.Build.0 = Debug|Win32
		{343C067D-7F48-48F5-A155-C1B5C1F3241B}.Release|Any CPU.ActiveCfg = Release|Win32
		{343C067D-7F48-48F5-A155-C1B5C1F3241B}.Release|x64.ActiveCfg = Release|x64
		{343C067D-7F48-48F5-A155-C1B5C1F3241B}.Release|x64.Build.0 = Release|x64
		{343C067D-7F48-48F5-A155-C1B5C1F3241B}.Release|x86.ActiveCfg = Release|Win32
		{343C067D-7F48-48F5-A155-C1B5C1F3241B}.Release|x86.Build.0 = Release|Win32
		{7440BCC8-5D66-458A-A759-A1DD23014E86}.Debug|Any CPU.ActiveCfg = Debug|Win32
		{7440BCC8-5D66-458A-A759-A1DD23014E86}.Debug|x64.ActiveCfg = Debug|x64
		{7440BCC8-5D66-458A-A759-A1DD23014E86}.Debug|x64.Build.0 = Debug|x64
		{7440BCC8-5D66-458A-A759-A1DD23014E86}.Debug|x86.ActiveCfg = Debug|Win32
		{7440BCC8-5D66-458A-A759-A1DD23014E86}.Debug|x86.Build.0 = Debug|Win32
		{7440BCC8-5D66-458A-A759-A1DD23014E86}.Release|Any CPU.ActiveCfg = Release|Win32
		{7440BCC8-5D66-458A-A759-A1DD23014E86}.Release|x64.ActiveCfg = Release|x64
		{7440BCC8-5D66-458A-A759-A1DD23014E86}.Release|x64.Build.0 = Release|x64
		{7440BCC8-5D66-458A-A759-A1DD23014E86}.Release|x86.ActiveCfg = Release|Win32
		{7440BCC8-5D66-458A-A759-A1DD23014E86}.Release|x86.Build.0 = Release|Win32
		{CA10ACD1-25E3-4626-8A38-A0DA584B7130}.Debug|Any CPU.ActiveCfg = Debug|Win32
		{CA10ACD1-25E3-4626-8A38-A0DA584B7130}.Debug|x64.ActiveCfg = Debug|x64
		{CA10ACD1-25E3-4626-8A38-A0DA584B7130}.Debug|x64.Build.0 = Debug|x64
		{CA10ACD1-25E3-4626-8A38-A0DA584B7130}.Debug|x86.ActiveCfg = Debug|Win32
		{CA10ACD1-25E3-4626-8A38-A0DA584B7130}.Debug|x86.Build.0 = Debug|Win32
		{CA10ACD1-25E3-4626-8A38-A0DA584B7130}.Release|Any CPU.ActiveCfg = Release|Win32
		{CA10ACD1-25E3-4626-8A38-A0DA584B7130}.Release|x64.ActiveCfg = Release|x64
		{CA10ACD1-25E3-4626-8A38-A0DA584B7130}.Release|x64.Build.0 = Release|x64
		{CA10ACD1-25E3-4626-8A38-A0DA584B7130}.Release|x86.ActiveCfg = Release|Win32
		{CA10ACD1-25E3-4626-8A38-A0DA584B7130}.Release|x86.Build.0 = Release|Win32
		{12B698E8-3810-4B9B-88A7-7C83DAAAEAD1}.Debug|Any CPU.ActiveCfg = Debug|Win32
		{12B698E8-3810-4B9B-88A7-7C83DAAAEAD1}.Debug|x64.ActiveCfg = Debug|x64
		{12B698E8-3810-4B9B-88A7-7C83DAAAEAD1}.Debug|x64.Build.0 = Debug|x64
		{12B698E8-3810-4B9B-88A7-7C83DAAAEAD1}.Debug|x86.ActiveCfg = Debug|Win32
		{12B698E8-3810-4B9B-88A7-7C83DAAAEAD1}.Debug|x86.Build.0 = Debug|Win32
		{12B698E8-3810-4B9B-88A7-7C83DAAAEAD1}.Release|Any CPU.ActiveCfg = Release|Win32
		{12B698E8-3810-4B9B-88A7-7C83DAAAEAD1}.Release|x64.ActiveCfg = Release|x64
		{12B698E8-3810-4B9B-88A7-7C83DAAAEAD1}.Release|x64.Build.0 = Release|x64
		{12B698E8-3810-4B9B-88A7-7C83DAAAEAD1}.Release|x86.ActiveCfg = Release|Win32
		{12B698E8-3810-4B9B-88A7-7C83DAAAEAD1}.Release|x86.Build.0 = Release|Win32
	EndGlobalSection
	GlobalSection(SolutionProperties) = preSolution
		HideSolutionNode = FALSE
	EndGlobalSection
EndGlobal
